// !$*UTF8*$!
{
	archiveVersion = 1;
	classes = {
	};
	objectVersion = 46;
	objects = {

/* Begin PBXBuildFile section */
		DA026B271E1BB9850085ADA9 /* NSDateFormatter+PNKPinboard.m in Sources */ = {isa = PBXBuildFile; fileRef = DA026B251E1BB9850085ADA9 /* NSDateFormatter+PNKPinboard.m */; };
		DA026B2D1E1BB9B80085ADA9 /* PNKBookmark.h in Headers */ = {isa = PBXBuildFile; fileRef = DA026B291E1BB9B80085ADA9 /* PNKBookmark.h */; settings = {ATTRIBUTES = (Public, ); }; };
		DA026B2E1E1BB9B80085ADA9 /* PNKBookmark.m in Sources */ = {isa = PBXBuildFile; fileRef = DA026B2A1E1BB9B80085ADA9 /* PNKBookmark.m */; };
		DA026B301E1BB9B80085ADA9 /* PNKPinboardBool.m in Sources */ = {isa = PBXBuildFile; fileRef = DA026B2C1E1BB9B80085ADA9 /* PNKPinboardBool.m */; };
		DA10589E1E74A92A003B5042 /* PNKAuthenticationRequestTests.m in Sources */ = {isa = PBXBuildFile; fileRef = DA10589D1E74A92A003B5042 /* PNKAuthenticationRequestTests.m */; };
		DA1058ED1E74B4F3003B5042 /* PNKRequestTestCase.m in Sources */ = {isa = PBXBuildFile; fileRef = DA1058EC1E74B4F3003B5042 /* PNKRequestTestCase.m */; };
		DA1058FA1E74B503003B5042 /* PNKGetNoteRequestTests.m in Sources */ = {isa = PBXBuildFile; fileRef = DA1058EF1E74B503003B5042 /* PNKGetNoteRequestTests.m */; };
		DA1058FB1E74B503003B5042 /* PNKGetNotesRequestTests.m in Sources */ = {isa = PBXBuildFile; fileRef = DA1058F01E74B503003B5042 /* PNKGetNotesRequestTests.m */; };
		DA1058FC1E74B503003B5042 /* PNKAddPostRequestTests.m in Sources */ = {isa = PBXBuildFile; fileRef = DA1058F21E74B503003B5042 /* PNKAddPostRequestTests.m */; };
		DA1058FD1E74B503003B5042 /* PNKDeletePostRequestTests.m in Sources */ = {isa = PBXBuildFile; fileRef = DA1058F31E74B503003B5042 /* PNKDeletePostRequestTests.m */; };
		DA1058FE1E74B503003B5042 /* PNKGetRecentPostsRequestTests.m in Sources */ = {isa = PBXBuildFile; fileRef = DA1058F41E74B503003B5042 /* PNKGetRecentPostsRequestTests.m */; };
		DA1058FF1E74B503003B5042 /* PNKDeleteTagRequestTests.m in Sources */ = {isa = PBXBuildFile; fileRef = DA1058F61E74B503003B5042 /* PNKDeleteTagRequestTests.m */; };
		DA1059001E74B503003B5042 /* PNKGetSuggestedTagsRequestTests.m in Sources */ = {isa = PBXBuildFile; fileRef = DA1058F71E74B503003B5042 /* PNKGetSuggestedTagsRequestTests.m */; };
		DA1059011E74B503003B5042 /* PNKGetTagsRequestTests.m in Sources */ = {isa = PBXBuildFile; fileRef = DA1058F81E74B503003B5042 /* PNKGetTagsRequestTests.m */; };
		DA1059021E74B503003B5042 /* PNKRenameTagRequestTests.m in Sources */ = {isa = PBXBuildFile; fileRef = DA1058F91E74B503003B5042 /* PNKRenameTagRequestTests.m */; };
		DA1DA0611E7347E200C2EE2C /* PNKGetTagsRequest.h in Headers */ = {isa = PBXBuildFile; fileRef = DA1DA05F1E7347E200C2EE2C /* PNKGetTagsRequest.h */; settings = {ATTRIBUTES = (Public, ); }; };
		DA1DA0621E7347E200C2EE2C /* PNKGetTagsRequest.m in Sources */ = {isa = PBXBuildFile; fileRef = DA1DA0601E7347E200C2EE2C /* PNKGetTagsRequest.m */; };
		DA1DA0671E734A1400C2EE2C /* PNKRenameTagRequest.h in Headers */ = {isa = PBXBuildFile; fileRef = DA1DA0651E734A1400C2EE2C /* PNKRenameTagRequest.h */; settings = {ATTRIBUTES = (Public, ); }; };
		DA1DA0681E734A1400C2EE2C /* PNKRenameTagRequest.m in Sources */ = {isa = PBXBuildFile; fileRef = DA1DA0661E734A1400C2EE2C /* PNKRenameTagRequest.m */; };
		DA1DA06F1E734CA700C2EE2C /* PNKDeleteTagRequest.h in Headers */ = {isa = PBXBuildFile; fileRef = DA1DA06D1E734CA700C2EE2C /* PNKDeleteTagRequest.h */; settings = {ATTRIBUTES = (Public, ); }; };
		DA1DA0701E734CA700C2EE2C /* PNKDeleteTagRequest.m in Sources */ = {isa = PBXBuildFile; fileRef = DA1DA06E1E734CA700C2EE2C /* PNKDeleteTagRequest.m */; };
		DA1DA0731E734E4400C2EE2C /* PNKGetNotesRequest.h in Headers */ = {isa = PBXBuildFile; fileRef = DA1DA0711E734E4400C2EE2C /* PNKGetNotesRequest.h */; settings = {ATTRIBUTES = (Public, ); }; };
		DA1DA0741E734E4400C2EE2C /* PNKGetNotesRequest.m in Sources */ = {isa = PBXBuildFile; fileRef = DA1DA0721E734E4400C2EE2C /* PNKGetNotesRequest.m */; };
		DA1DA0771E734E4E00C2EE2C /* PNKGetNoteRequest.h in Headers */ = {isa = PBXBuildFile; fileRef = DA1DA0751E734E4E00C2EE2C /* PNKGetNoteRequest.h */; settings = {ATTRIBUTES = (Public, ); }; };
		DA1DA0781E734E4E00C2EE2C /* PNKGetNoteRequest.m in Sources */ = {isa = PBXBuildFile; fileRef = DA1DA0761E734E4E00C2EE2C /* PNKGetNoteRequest.m */; };
		DA1DA07F1E734F7800C2EE2C /* PNKNote.h in Headers */ = {isa = PBXBuildFile; fileRef = DA1DA07D1E734F7800C2EE2C /* PNKNote.h */; settings = {ATTRIBUTES = (Public, ); }; };
		DA1DA0801E734F7800C2EE2C /* PNKNote.m in Sources */ = {isa = PBXBuildFile; fileRef = DA1DA07E1E734F7800C2EE2C /* PNKNote.m */; };
		DA1DA0851E74062500C2EE2C /* PNKGetSuggestedTagsRequest.h in Headers */ = {isa = PBXBuildFile; fileRef = DA1DA0831E74062500C2EE2C /* PNKGetSuggestedTagsRequest.h */; settings = {ATTRIBUTES = (Public, ); }; };
		DA1DA0861E74062500C2EE2C /* PNKGetSuggestedTagsRequest.m in Sources */ = {isa = PBXBuildFile; fileRef = DA1DA0841E74062500C2EE2C /* PNKGetSuggestedTagsRequest.m */; };
		DA1DA08D1E74194A00C2EE2C /* PNKGetSecretRSSKeyRequest.h in Headers */ = {isa = PBXBuildFile; fileRef = DA1DA08B1E74194A00C2EE2C /* PNKGetSecretRSSKeyRequest.h */; settings = {ATTRIBUTES = (Public, ); }; };
		DA1DA08E1E74194A00C2EE2C /* PNKGetSecretRSSKeyRequest.m in Sources */ = {isa = PBXBuildFile; fileRef = DA1DA08C1E74194A00C2EE2C /* PNKGetSecretRSSKeyRequest.m */; };
		DA1DA0901E74197300C2EE2C /* PNKGetSecretRSSKeyRequestTests.m in Sources */ = {isa = PBXBuildFile; fileRef = DA1DA08F1E74197300C2EE2C /* PNKGetSecretRSSKeyRequestTests.m */; };
		DA3E3C141E1A9D0400F69681 /* PNKPinboardClient.h in Headers */ = {isa = PBXBuildFile; fileRef = DA3E3C121E1A9D0400F69681 /* PNKPinboardClient.h */; settings = {ATTRIBUTES = (Public, ); }; };
		DA3E3C151E1A9D0400F69681 /* PNKPinboardClient.m in Sources */ = {isa = PBXBuildFile; fileRef = DA3E3C131E1A9D0400F69681 /* PNKPinboardClient.m */; };
		DA65906B1E708F6200C97DCF /* NSError+PinKit.m in Sources */ = {isa = PBXBuildFile; fileRef = DA6590691E708F6200C97DCF /* NSError+PinKit.m */; };
		DA7370D81E75855900A17C36 /* PNKGetAllPostsRequestTests.m in Sources */ = {isa = PBXBuildFile; fileRef = DA7370D71E75855900A17C36 /* PNKGetAllPostsRequestTests.m */; };
		DA7B2B671E1AF7ED003CEFD2 /* PNKAuthenticationRequest.h in Headers */ = {isa = PBXBuildFile; fileRef = DA7B2B621E1AF7EC003CEFD2 /* PNKAuthenticationRequest.h */; settings = {ATTRIBUTES = (Public, ); }; };
		DA7B2B681E1AF7ED003CEFD2 /* PNKAuthenticationRequest.m in Sources */ = {isa = PBXBuildFile; fileRef = DA7B2B631E1AF7ED003CEFD2 /* PNKAuthenticationRequest.m */; };
		DA7B2B691E1AF7ED003CEFD2 /* PNKGetAllPostsRequest.h in Headers */ = {isa = PBXBuildFile; fileRef = DA7B2B651E1AF7ED003CEFD2 /* PNKGetAllPostsRequest.h */; settings = {ATTRIBUTES = (Public, ); }; };
		DA7B2B6A1E1AF7ED003CEFD2 /* PNKGetAllPostsRequest.m in Sources */ = {isa = PBXBuildFile; fileRef = DA7B2B661E1AF7ED003CEFD2 /* PNKGetAllPostsRequest.m */; };
		DA7D897D1E707D5100266250 /* PNKAddPostRequest.h in Headers */ = {isa = PBXBuildFile; fileRef = DA7D897B1E707D5100266250 /* PNKAddPostRequest.h */; settings = {ATTRIBUTES = (Public, ); }; };
		DA7D897E1E707D5100266250 /* PNKAddPostRequest.m in Sources */ = {isa = PBXBuildFile; fileRef = DA7D897C1E707D5100266250 /* PNKAddPostRequest.m */; };
		DA8A0CB91E6C0B3D00802315 /* PinKit.framework in Frameworks */ = {isa = PBXBuildFile; fileRef = DAB598A01E1A8773003EA11D /* PinKit.framework */; };
		DA8A0CCC1E6C0E9800802315 /* PNKGetLastUpdateRequestTests.m in Sources */ = {isa = PBXBuildFile; fileRef = DA8A0CCB1E6C0E9800802315 /* PNKGetLastUpdateRequestTests.m */; };
		DA8A0CD01E6C148900802315 /* PNKGetLastUpdateRequest.h in Headers */ = {isa = PBXBuildFile; fileRef = DA8A0CCE1E6C148900802315 /* PNKGetLastUpdateRequest.h */; settings = {ATTRIBUTES = (Public, ); }; };
		DA8A0CD11E6C148900802315 /* PNKGetLastUpdateRequest.m in Sources */ = {isa = PBXBuildFile; fileRef = DA8A0CCF1E6C148900802315 /* PNKGetLastUpdateRequest.m */; };
		DA96A45A1EABA68200924455 /* Cassettes.bundle in Resources */ = {isa = PBXBuildFile; fileRef = DA96A4591EABA68200924455 /* Cassettes.bundle */; };
		DA96A45B1EABA68200924455 /* Cassettes.bundle in Resources */ = {isa = PBXBuildFile; fileRef = DA96A4591EABA68200924455 /* Cassettes.bundle */; };
		DAA333C31E1AB13400468A9E /* NSURLSession+PinKit.m in Sources */ = {isa = PBXBuildFile; fileRef = DAA333C11E1AB13400468A9E /* NSURLSession+PinKit.m */; };
		DAA333CE1E1ACC9300468A9E /* PNKRequest.h in Headers */ = {isa = PBXBuildFile; fileRef = DAA333CC1E1ACC9300468A9E /* PNKRequest.h */; settings = {ATTRIBUTES = (Public, ); }; };
		DAA333CF1E1ACC9300468A9E /* PNKRequest.m in Sources */ = {isa = PBXBuildFile; fileRef = DAA333CD1E1ACC9300468A9E /* PNKRequest.m */; };
		DAA333D71E1AE9E100468A9E /* NSURL+PinKit.m in Sources */ = {isa = PBXBuildFile; fileRef = DAA333D51E1AE9E100468A9E /* NSURL+PinKit.m */; };
		DAB3E8C01E1D715D008D4A22 /* NSArray+PNKMap.m in Sources */ = {isa = PBXBuildFile; fileRef = DAB3E8BE1E1D715D008D4A22 /* NSArray+PNKMap.m */; };
		DAB598A51E1A8773003EA11D /* PinKit.h in Headers */ = {isa = PBXBuildFile; fileRef = DAB598A31E1A8773003EA11D /* PinKit.h */; settings = {ATTRIBUTES = (Public, ); }; };
		DAC1FEBF1E71DCAE00927F95 /* PNKDeletePostRequest.h in Headers */ = {isa = PBXBuildFile; fileRef = DAC1FEBD1E71DCAE00927F95 /* PNKDeletePostRequest.h */; settings = {ATTRIBUTES = (Public, ); }; };
		DAC1FEC01E71DCAE00927F95 /* PNKDeletePostRequest.m in Sources */ = {isa = PBXBuildFile; fileRef = DAC1FEBE1E71DCAE00927F95 /* PNKDeletePostRequest.m */; };
		DAC5E9641EA1658F0019D5DC /* PNKHTTP.h in Headers */ = {isa = PBXBuildFile; fileRef = DAC5E9621EA1658F0019D5DC /* PNKHTTP.h */; settings = {ATTRIBUTES = (Public, ); }; };
		DAC5E9651EA1658F0019D5DC /* PNKHTTP.m in Sources */ = {isa = PBXBuildFile; fileRef = DAC5E9631EA1658F0019D5DC /* PNKHTTP.m */; };
		DAC5E9671EA1736A0019D5DC /* NSError+PinKit.h in Headers */ = {isa = PBXBuildFile; fileRef = DA6590681E708F6200C97DCF /* NSError+PinKit.h */; settings = {ATTRIBUTES = (Public, ); }; };
		DAC7D2CE1E6DFF4A008F3320 /* PNKGetRecentPostsRequest.h in Headers */ = {isa = PBXBuildFile; fileRef = DAC7D2CC1E6DFF4A008F3320 /* PNKGetRecentPostsRequest.h */; settings = {ATTRIBUTES = (Public, ); }; };
		DAC7D2CF1E6DFF4A008F3320 /* PNKGetRecentPostsRequest.m in Sources */ = {isa = PBXBuildFile; fileRef = DAC7D2CD1E6DFF4A008F3320 /* PNKGetRecentPostsRequest.m */; };
		DAE79BC41F7E48FC0090D736 /* PNKBookmarkTests.m in Sources */ = {isa = PBXBuildFile; fileRef = DAE79BC31F7E48FC0090D736 /* PNKBookmarkTests.m */; };
		DAE79BC51F7E48FC0090D736 /* PNKBookmarkTests.m in Sources */ = {isa = PBXBuildFile; fileRef = DAE79BC31F7E48FC0090D736 /* PNKBookmarkTests.m */; };
		DAE79BC81F7E497C0090D736 /* PNKNoteTests.m in Sources */ = {isa = PBXBuildFile; fileRef = DAE79BC71F7E497C0090D736 /* PNKNoteTests.m */; };
		DAE79BC91F7E497C0090D736 /* PNKNoteTests.m in Sources */ = {isa = PBXBuildFile; fileRef = DAE79BC71F7E497C0090D736 /* PNKNoteTests.m */; };
		DAF953EA1F5DC602002F317E /* RecorderSession.framework in Frameworks */ = {isa = PBXBuildFile; fileRef = DAF953E91F5DC602002F317E /* RecorderSession.framework */; };
		DAF953EC1F5DC610002F317E /* RecorderSession.framework in Frameworks */ = {isa = PBXBuildFile; fileRef = DAF953EB1F5DC610002F317E /* RecorderSession.framework */; };
		DAF953EE1F5DC6FD002F317E /* RecorderSession.framework in Copy Carthage Frameworks */ = {isa = PBXBuildFile; fileRef = DAF953EB1F5DC610002F317E /* RecorderSession.framework */; settings = {ATTRIBUTES = (CodeSignOnCopy, RemoveHeadersOnCopy, ); }; };
		DAF953F01F5DC715002F317E /* RecorderSession.framework in Copy Carthage Frameworks */ = {isa = PBXBuildFile; fileRef = DAF953E91F5DC602002F317E /* RecorderSession.framework */; settings = {ATTRIBUTES = (CodeSignOnCopy, RemoveHeadersOnCopy, ); }; };
		DAFE721C1EA3752300BBF1B3 /* PNKDateFormatterTests.m in Sources */ = {isa = PBXBuildFile; fileRef = DAFE721B1EA3752300BBF1B3 /* PNKDateFormatterTests.m */; };
		DAFE721E1EA378FA00BBF1B3 /* PNKMapTests.m in Sources */ = {isa = PBXBuildFile; fileRef = DAFE721D1EA378FA00BBF1B3 /* PNKMapTests.m */; };
		DAFE72201EA3A32D00BBF1B3 /* PNKPinboardClientTests.m in Sources */ = {isa = PBXBuildFile; fileRef = DAFE721F1EA3A32D00BBF1B3 /* PNKPinboardClientTests.m */; };
		DAFE72411EA3E24600BBF1B3 /* PinKit.h in Headers */ = {isa = PBXBuildFile; fileRef = DAB598A31E1A8773003EA11D /* PinKit.h */; settings = {ATTRIBUTES = (Public, ); }; };
		DAFE72421EA3E27200BBF1B3 /* NSError+PinKit.h in Headers */ = {isa = PBXBuildFile; fileRef = DA6590681E708F6200C97DCF /* NSError+PinKit.h */; settings = {ATTRIBUTES = (Public, ); }; };
		DAFE72431EA3E27E00BBF1B3 /* PNKHTTP.h in Headers */ = {isa = PBXBuildFile; fileRef = DAC5E9621EA1658F0019D5DC /* PNKHTTP.h */; settings = {ATTRIBUTES = (Public, ); }; };
		DAFE72441EA3E28300BBF1B3 /* PNKNote.h in Headers */ = {isa = PBXBuildFile; fileRef = DA1DA07D1E734F7800C2EE2C /* PNKNote.h */; settings = {ATTRIBUTES = (Public, ); }; };
		DAFE72451EA3E28700BBF1B3 /* PNKBookmark.h in Headers */ = {isa = PBXBuildFile; fileRef = DA026B291E1BB9B80085ADA9 /* PNKBookmark.h */; settings = {ATTRIBUTES = (Public, ); }; };
		DAFE72461EA3E28E00BBF1B3 /* PNKGetSecretRSSKeyRequest.h in Headers */ = {isa = PBXBuildFile; fileRef = DA1DA08B1E74194A00C2EE2C /* PNKGetSecretRSSKeyRequest.h */; settings = {ATTRIBUTES = (Public, ); }; };
		DAFE72471EA3E29200BBF1B3 /* PNKGetNoteRequest.h in Headers */ = {isa = PBXBuildFile; fileRef = DA1DA0751E734E4E00C2EE2C /* PNKGetNoteRequest.h */; settings = {ATTRIBUTES = (Public, ); }; };
		DAFE72481EA3E29500BBF1B3 /* PNKGetNotesRequest.h in Headers */ = {isa = PBXBuildFile; fileRef = DA1DA0711E734E4400C2EE2C /* PNKGetNotesRequest.h */; settings = {ATTRIBUTES = (Public, ); }; };
		DAFE72491EA3E29E00BBF1B3 /* PNKPinboardClient.h in Headers */ = {isa = PBXBuildFile; fileRef = DA3E3C121E1A9D0400F69681 /* PNKPinboardClient.h */; settings = {ATTRIBUTES = (Public, ); }; };
		DAFE724A1EA3E2A300BBF1B3 /* PNKRequest.h in Headers */ = {isa = PBXBuildFile; fileRef = DAA333CC1E1ACC9300468A9E /* PNKRequest.h */; settings = {ATTRIBUTES = (Public, ); }; };
		DAFE724B1EA3E2A700BBF1B3 /* PNKAuthenticationRequest.h in Headers */ = {isa = PBXBuildFile; fileRef = DA7B2B621E1AF7EC003CEFD2 /* PNKAuthenticationRequest.h */; settings = {ATTRIBUTES = (Public, ); }; };
		DAFE724C1EA3E2AE00BBF1B3 /* PNKGetLastUpdateRequest.h in Headers */ = {isa = PBXBuildFile; fileRef = DA8A0CCE1E6C148900802315 /* PNKGetLastUpdateRequest.h */; settings = {ATTRIBUTES = (Public, ); }; };
		DAFE724D1EA3E2B300BBF1B3 /* PNKGetAllPostsRequest.h in Headers */ = {isa = PBXBuildFile; fileRef = DA7B2B651E1AF7ED003CEFD2 /* PNKGetAllPostsRequest.h */; settings = {ATTRIBUTES = (Public, ); }; };
		DAFE724E1EA3E2B600BBF1B3 /* PNKGetRecentPostsRequest.h in Headers */ = {isa = PBXBuildFile; fileRef = DAC7D2CC1E6DFF4A008F3320 /* PNKGetRecentPostsRequest.h */; settings = {ATTRIBUTES = (Public, ); }; };
		DAFE724F1EA3E2B900BBF1B3 /* PNKAddPostRequest.h in Headers */ = {isa = PBXBuildFile; fileRef = DA7D897B1E707D5100266250 /* PNKAddPostRequest.h */; settings = {ATTRIBUTES = (Public, ); }; };
		DAFE72501EA3E2BC00BBF1B3 /* PNKDeletePostRequest.h in Headers */ = {isa = PBXBuildFile; fileRef = DAC1FEBD1E71DCAE00927F95 /* PNKDeletePostRequest.h */; settings = {ATTRIBUTES = (Public, ); }; };
		DAFE72511EA3E2C100BBF1B3 /* PNKGetTagsRequest.h in Headers */ = {isa = PBXBuildFile; fileRef = DA1DA05F1E7347E200C2EE2C /* PNKGetTagsRequest.h */; settings = {ATTRIBUTES = (Public, ); }; };
		DAFE72521EA3E2C400BBF1B3 /* PNKRenameTagRequest.h in Headers */ = {isa = PBXBuildFile; fileRef = DA1DA0651E734A1400C2EE2C /* PNKRenameTagRequest.h */; settings = {ATTRIBUTES = (Public, ); }; };
		DAFE72531EA3E2C700BBF1B3 /* PNKDeleteTagRequest.h in Headers */ = {isa = PBXBuildFile; fileRef = DA1DA06D1E734CA700C2EE2C /* PNKDeleteTagRequest.h */; settings = {ATTRIBUTES = (Public, ); }; };
		DAFE72541EA3E2CF00BBF1B3 /* PNKGetSuggestedTagsRequest.h in Headers */ = {isa = PBXBuildFile; fileRef = DA1DA0831E74062500C2EE2C /* PNKGetSuggestedTagsRequest.h */; settings = {ATTRIBUTES = (Public, ); }; };
		DAFE72731EA3E9E100BBF1B3 /* PNKPinboardClient.m in Sources */ = {isa = PBXBuildFile; fileRef = DA3E3C131E1A9D0400F69681 /* PNKPinboardClient.m */; };
		DAFE72741EA3E9E300BBF1B3 /* PNKRequest.m in Sources */ = {isa = PBXBuildFile; fileRef = DAA333CD1E1ACC9300468A9E /* PNKRequest.m */; };
		DAFE72751EA3E9E500BBF1B3 /* PNKAuthenticationRequest.m in Sources */ = {isa = PBXBuildFile; fileRef = DA7B2B631E1AF7ED003CEFD2 /* PNKAuthenticationRequest.m */; };
		DAFE72761EA3E9E700BBF1B3 /* PNKGetLastUpdateRequest.m in Sources */ = {isa = PBXBuildFile; fileRef = DA8A0CCF1E6C148900802315 /* PNKGetLastUpdateRequest.m */; };
		DAFE72771EA3E9E800BBF1B3 /* PNKGetAllPostsRequest.m in Sources */ = {isa = PBXBuildFile; fileRef = DA7B2B661E1AF7ED003CEFD2 /* PNKGetAllPostsRequest.m */; };
		DAFE72781EA3E9EA00BBF1B3 /* PNKGetRecentPostsRequest.m in Sources */ = {isa = PBXBuildFile; fileRef = DAC7D2CD1E6DFF4A008F3320 /* PNKGetRecentPostsRequest.m */; };
		DAFE72791EA3E9EC00BBF1B3 /* PNKAddPostRequest.m in Sources */ = {isa = PBXBuildFile; fileRef = DA7D897C1E707D5100266250 /* PNKAddPostRequest.m */; };
		DAFE727A1EA3E9EE00BBF1B3 /* PNKDeletePostRequest.m in Sources */ = {isa = PBXBuildFile; fileRef = DAC1FEBE1E71DCAE00927F95 /* PNKDeletePostRequest.m */; };
		DAFE727B1EA3E9F100BBF1B3 /* PNKGetTagsRequest.m in Sources */ = {isa = PBXBuildFile; fileRef = DA1DA0601E7347E200C2EE2C /* PNKGetTagsRequest.m */; };
		DAFE727C1EA3E9F300BBF1B3 /* PNKRenameTagRequest.m in Sources */ = {isa = PBXBuildFile; fileRef = DA1DA0661E734A1400C2EE2C /* PNKRenameTagRequest.m */; };
		DAFE727D1EA3E9F500BBF1B3 /* PNKDeleteTagRequest.m in Sources */ = {isa = PBXBuildFile; fileRef = DA1DA06E1E734CA700C2EE2C /* PNKDeleteTagRequest.m */; };
		DAFE727E1EA3E9F700BBF1B3 /* PNKGetSuggestedTagsRequest.m in Sources */ = {isa = PBXBuildFile; fileRef = DA1DA0841E74062500C2EE2C /* PNKGetSuggestedTagsRequest.m */; };
		DAFE727F1EA3E9F900BBF1B3 /* PNKGetNotesRequest.m in Sources */ = {isa = PBXBuildFile; fileRef = DA1DA0721E734E4400C2EE2C /* PNKGetNotesRequest.m */; };
		DAFE72801EA3E9FB00BBF1B3 /* PNKGetNoteRequest.m in Sources */ = {isa = PBXBuildFile; fileRef = DA1DA0761E734E4E00C2EE2C /* PNKGetNoteRequest.m */; };
		DAFE72811EA3E9FE00BBF1B3 /* PNKGetSecretRSSKeyRequest.m in Sources */ = {isa = PBXBuildFile; fileRef = DA1DA08C1E74194A00C2EE2C /* PNKGetSecretRSSKeyRequest.m */; };
		DAFE72821EA3EA0100BBF1B3 /* PNKBookmark.m in Sources */ = {isa = PBXBuildFile; fileRef = DA026B2A1E1BB9B80085ADA9 /* PNKBookmark.m */; };
		DAFE72831EA3EA0300BBF1B3 /* PNKNote.m in Sources */ = {isa = PBXBuildFile; fileRef = DA1DA07E1E734F7800C2EE2C /* PNKNote.m */; };
		DAFE72841EA3EA0500BBF1B3 /* PNKPinboardBool.m in Sources */ = {isa = PBXBuildFile; fileRef = DA026B2C1E1BB9B80085ADA9 /* PNKPinboardBool.m */; };
		DAFE72851EA3EA0700BBF1B3 /* PNKHTTP.m in Sources */ = {isa = PBXBuildFile; fileRef = DAC5E9631EA1658F0019D5DC /* PNKHTTP.m */; };
		DAFE72861EA3EA0900BBF1B3 /* NSError+PinKit.m in Sources */ = {isa = PBXBuildFile; fileRef = DA6590691E708F6200C97DCF /* NSError+PinKit.m */; };
		DAFE72871EA3EA0B00BBF1B3 /* NSArray+PNKMap.m in Sources */ = {isa = PBXBuildFile; fileRef = DAB3E8BE1E1D715D008D4A22 /* NSArray+PNKMap.m */; };
		DAFE72881EA3EA0C00BBF1B3 /* NSURLSession+PinKit.m in Sources */ = {isa = PBXBuildFile; fileRef = DAA333C11E1AB13400468A9E /* NSURLSession+PinKit.m */; };
		DAFE72891EA3EA0E00BBF1B3 /* NSURL+PinKit.m in Sources */ = {isa = PBXBuildFile; fileRef = DAA333D51E1AE9E100468A9E /* NSURL+PinKit.m */; };
		DAFE728A1EA3EA1200BBF1B3 /* NSDateFormatter+PNKPinboard.m in Sources */ = {isa = PBXBuildFile; fileRef = DA026B251E1BB9850085ADA9 /* NSDateFormatter+PNKPinboard.m */; };
		DAFE72941EA3EA3B00BBF1B3 /* PinKit.framework in Frameworks */ = {isa = PBXBuildFile; fileRef = DAFE722F1EA3E16100BBF1B3 /* PinKit.framework */; };
		DAFE729B1EA3EBCE00BBF1B3 /* PNKGetNotesRequestTests.m in Sources */ = {isa = PBXBuildFile; fileRef = DA1058F01E74B503003B5042 /* PNKGetNotesRequestTests.m */; };
		DAFE729C1EA3EBD000BBF1B3 /* PNKGetNoteRequestTests.m in Sources */ = {isa = PBXBuildFile; fileRef = DA1058EF1E74B503003B5042 /* PNKGetNoteRequestTests.m */; };
		DAFE729D1EA3EBD100BBF1B3 /* PNKRenameTagRequestTests.m in Sources */ = {isa = PBXBuildFile; fileRef = DA1058F91E74B503003B5042 /* PNKRenameTagRequestTests.m */; };
		DAFE729E1EA3EBD300BBF1B3 /* PNKGetTagsRequestTests.m in Sources */ = {isa = PBXBuildFile; fileRef = DA1058F81E74B503003B5042 /* PNKGetTagsRequestTests.m */; };
		DAFE729F1EA3EBD500BBF1B3 /* PNKGetSuggestedTagsRequestTests.m in Sources */ = {isa = PBXBuildFile; fileRef = DA1058F71E74B503003B5042 /* PNKGetSuggestedTagsRequestTests.m */; };
		DAFE72A01EA3EBD700BBF1B3 /* PNKDeleteTagRequestTests.m in Sources */ = {isa = PBXBuildFile; fileRef = DA1058F61E74B503003B5042 /* PNKDeleteTagRequestTests.m */; };
		DAFE72A11EA3EBD900BBF1B3 /* PNKGetAllPostsRequestTests.m in Sources */ = {isa = PBXBuildFile; fileRef = DA7370D71E75855900A17C36 /* PNKGetAllPostsRequestTests.m */; };
		DAFE72A21EA3EBDB00BBF1B3 /* PNKGetRecentPostsRequestTests.m in Sources */ = {isa = PBXBuildFile; fileRef = DA1058F41E74B503003B5042 /* PNKGetRecentPostsRequestTests.m */; };
		DAFE72A31EA3EBDD00BBF1B3 /* PNKDeletePostRequestTests.m in Sources */ = {isa = PBXBuildFile; fileRef = DA1058F31E74B503003B5042 /* PNKDeletePostRequestTests.m */; };
		DAFE72A41EA3EBE000BBF1B3 /* PNKAddPostRequestTests.m in Sources */ = {isa = PBXBuildFile; fileRef = DA1058F21E74B503003B5042 /* PNKAddPostRequestTests.m */; };
		DAFE72A51EA3EBE200BBF1B3 /* PNKMapTests.m in Sources */ = {isa = PBXBuildFile; fileRef = DAFE721D1EA378FA00BBF1B3 /* PNKMapTests.m */; };
		DAFE72A61EA3EBE400BBF1B3 /* PNKDateFormatterTests.m in Sources */ = {isa = PBXBuildFile; fileRef = DAFE721B1EA3752300BBF1B3 /* PNKDateFormatterTests.m */; };
		DAFE72A71EA3EBE600BBF1B3 /* PNKGetSecretRSSKeyRequestTests.m in Sources */ = {isa = PBXBuildFile; fileRef = DA1DA08F1E74197300C2EE2C /* PNKGetSecretRSSKeyRequestTests.m */; };
		DAFE72A81EA3EBE800BBF1B3 /* PNKGetLastUpdateRequestTests.m in Sources */ = {isa = PBXBuildFile; fileRef = DA8A0CCB1E6C0E9800802315 /* PNKGetLastUpdateRequestTests.m */; };
		DAFE72A91EA3EBEA00BBF1B3 /* PNKAuthenticationRequestTests.m in Sources */ = {isa = PBXBuildFile; fileRef = DA10589D1E74A92A003B5042 /* PNKAuthenticationRequestTests.m */; };
		DAFE72AA1EA3EBEC00BBF1B3 /* PNKPinboardClientTests.m in Sources */ = {isa = PBXBuildFile; fileRef = DAFE721F1EA3A32D00BBF1B3 /* PNKPinboardClientTests.m */; };
		DAFE72AB1EA3EBEE00BBF1B3 /* PNKRequestTestCase.m in Sources */ = {isa = PBXBuildFile; fileRef = DA1058EC1E74B4F3003B5042 /* PNKRequestTestCase.m */; };
/* End PBXBuildFile section */

/* Begin PBXContainerItemProxy section */
		DA8A0CBA1E6C0B3D00802315 /* PBXContainerItemProxy */ = {
			isa = PBXContainerItemProxy;
			containerPortal = DAB598971E1A8773003EA11D /* Project object */;
			proxyType = 1;
			remoteGlobalIDString = DAB5989F1E1A8773003EA11D;
			remoteInfo = PinKit;
		};
		DAFE72951EA3EA3B00BBF1B3 /* PBXContainerItemProxy */ = {
			isa = PBXContainerItemProxy;
			containerPortal = DAB598971E1A8773003EA11D /* Project object */;
			proxyType = 1;
			remoteGlobalIDString = DAFE722E1EA3E16100BBF1B3;
			remoteInfo = "PinKit-iOS";
		};
/* End PBXContainerItemProxy section */

/* Begin PBXCopyFilesBuildPhase section */
		DAF953ED1F5DC6E4002F317E /* Copy Carthage Frameworks */ = {
			isa = PBXCopyFilesBuildPhase;
			buildActionMask = 2147483647;
			dstPath = "";
			dstSubfolderSpec = 10;
			files = (
				DAF953EE1F5DC6FD002F317E /* RecorderSession.framework in Copy Carthage Frameworks */,
			);
			name = "Copy Carthage Frameworks";
			runOnlyForDeploymentPostprocessing = 0;
		};
		DAF953EF1F5DC70E002F317E /* Copy Carthage Frameworks */ = {
			isa = PBXCopyFilesBuildPhase;
			buildActionMask = 2147483647;
			dstPath = "";
			dstSubfolderSpec = 10;
			files = (
				DAF953F01F5DC715002F317E /* RecorderSession.framework in Copy Carthage Frameworks */,
			);
			name = "Copy Carthage Frameworks";
			runOnlyForDeploymentPostprocessing = 0;
		};
/* End PBXCopyFilesBuildPhase section */

/* Begin PBXFileReference section */
		DA026B241E1BB9850085ADA9 /* NSDateFormatter+PNKPinboard.h */ = {isa = PBXFileReference; fileEncoding = 4; lastKnownFileType = sourcecode.c.h; path = "NSDateFormatter+PNKPinboard.h"; sourceTree = "<group>"; };
		DA026B251E1BB9850085ADA9 /* NSDateFormatter+PNKPinboard.m */ = {isa = PBXFileReference; fileEncoding = 4; lastKnownFileType = sourcecode.c.objc; path = "NSDateFormatter+PNKPinboard.m"; sourceTree = "<group>"; };
		DA026B291E1BB9B80085ADA9 /* PNKBookmark.h */ = {isa = PBXFileReference; fileEncoding = 4; lastKnownFileType = sourcecode.c.h; path = PNKBookmark.h; sourceTree = "<group>"; };
		DA026B2A1E1BB9B80085ADA9 /* PNKBookmark.m */ = {isa = PBXFileReference; fileEncoding = 4; lastKnownFileType = sourcecode.c.objc; path = PNKBookmark.m; sourceTree = "<group>"; };
		DA026B2B1E1BB9B80085ADA9 /* PNKPinboardBool.h */ = {isa = PBXFileReference; fileEncoding = 4; lastKnownFileType = sourcecode.c.h; path = PNKPinboardBool.h; sourceTree = "<group>"; };
		DA026B2C1E1BB9B80085ADA9 /* PNKPinboardBool.m */ = {isa = PBXFileReference; fileEncoding = 4; lastKnownFileType = sourcecode.c.objc; path = PNKPinboardBool.m; sourceTree = "<group>"; };
		DA10589D1E74A92A003B5042 /* PNKAuthenticationRequestTests.m */ = {isa = PBXFileReference; fileEncoding = 4; lastKnownFileType = sourcecode.c.objc; path = PNKAuthenticationRequestTests.m; sourceTree = "<group>"; };
		DA1058EB1E74B4F3003B5042 /* PNKRequestTestCase.h */ = {isa = PBXFileReference; fileEncoding = 4; lastKnownFileType = sourcecode.c.h; path = PNKRequestTestCase.h; sourceTree = "<group>"; };
		DA1058EC1E74B4F3003B5042 /* PNKRequestTestCase.m */ = {isa = PBXFileReference; fileEncoding = 4; lastKnownFileType = sourcecode.c.objc; path = PNKRequestTestCase.m; sourceTree = "<group>"; };
		DA1058EF1E74B503003B5042 /* PNKGetNoteRequestTests.m */ = {isa = PBXFileReference; fileEncoding = 4; lastKnownFileType = sourcecode.c.objc; path = PNKGetNoteRequestTests.m; sourceTree = "<group>"; };
		DA1058F01E74B503003B5042 /* PNKGetNotesRequestTests.m */ = {isa = PBXFileReference; fileEncoding = 4; lastKnownFileType = sourcecode.c.objc; path = PNKGetNotesRequestTests.m; sourceTree = "<group>"; };
		DA1058F21E74B503003B5042 /* PNKAddPostRequestTests.m */ = {isa = PBXFileReference; fileEncoding = 4; lastKnownFileType = sourcecode.c.objc; path = PNKAddPostRequestTests.m; sourceTree = "<group>"; };
		DA1058F31E74B503003B5042 /* PNKDeletePostRequestTests.m */ = {isa = PBXFileReference; fileEncoding = 4; lastKnownFileType = sourcecode.c.objc; path = PNKDeletePostRequestTests.m; sourceTree = "<group>"; };
		DA1058F41E74B503003B5042 /* PNKGetRecentPostsRequestTests.m */ = {isa = PBXFileReference; fileEncoding = 4; lastKnownFileType = sourcecode.c.objc; path = PNKGetRecentPostsRequestTests.m; sourceTree = "<group>"; };
		DA1058F61E74B503003B5042 /* PNKDeleteTagRequestTests.m */ = {isa = PBXFileReference; fileEncoding = 4; lastKnownFileType = sourcecode.c.objc; path = PNKDeleteTagRequestTests.m; sourceTree = "<group>"; };
		DA1058F71E74B503003B5042 /* PNKGetSuggestedTagsRequestTests.m */ = {isa = PBXFileReference; fileEncoding = 4; lastKnownFileType = sourcecode.c.objc; path = PNKGetSuggestedTagsRequestTests.m; sourceTree = "<group>"; };
		DA1058F81E74B503003B5042 /* PNKGetTagsRequestTests.m */ = {isa = PBXFileReference; fileEncoding = 4; lastKnownFileType = sourcecode.c.objc; path = PNKGetTagsRequestTests.m; sourceTree = "<group>"; };
		DA1058F91E74B503003B5042 /* PNKRenameTagRequestTests.m */ = {isa = PBXFileReference; fileEncoding = 4; lastKnownFileType = sourcecode.c.objc; path = PNKRenameTagRequestTests.m; sourceTree = "<group>"; };
		DA1DA05F1E7347E200C2EE2C /* PNKGetTagsRequest.h */ = {isa = PBXFileReference; fileEncoding = 4; lastKnownFileType = sourcecode.c.h; path = PNKGetTagsRequest.h; sourceTree = "<group>"; };
		DA1DA0601E7347E200C2EE2C /* PNKGetTagsRequest.m */ = {isa = PBXFileReference; fileEncoding = 4; lastKnownFileType = sourcecode.c.objc; path = PNKGetTagsRequest.m; sourceTree = "<group>"; };
		DA1DA0651E734A1400C2EE2C /* PNKRenameTagRequest.h */ = {isa = PBXFileReference; fileEncoding = 4; lastKnownFileType = sourcecode.c.h; path = PNKRenameTagRequest.h; sourceTree = "<group>"; };
		DA1DA0661E734A1400C2EE2C /* PNKRenameTagRequest.m */ = {isa = PBXFileReference; fileEncoding = 4; lastKnownFileType = sourcecode.c.objc; path = PNKRenameTagRequest.m; sourceTree = "<group>"; };
		DA1DA06D1E734CA700C2EE2C /* PNKDeleteTagRequest.h */ = {isa = PBXFileReference; fileEncoding = 4; lastKnownFileType = sourcecode.c.h; lineEnding = 0; path = PNKDeleteTagRequest.h; sourceTree = "<group>"; xcLanguageSpecificationIdentifier = xcode.lang.objcpp; };
		DA1DA06E1E734CA700C2EE2C /* PNKDeleteTagRequest.m */ = {isa = PBXFileReference; fileEncoding = 4; lastKnownFileType = sourcecode.c.objc; lineEnding = 0; path = PNKDeleteTagRequest.m; sourceTree = "<group>"; xcLanguageSpecificationIdentifier = xcode.lang.objc; };
		DA1DA0711E734E4400C2EE2C /* PNKGetNotesRequest.h */ = {isa = PBXFileReference; fileEncoding = 4; lastKnownFileType = sourcecode.c.h; path = PNKGetNotesRequest.h; sourceTree = "<group>"; };
		DA1DA0721E734E4400C2EE2C /* PNKGetNotesRequest.m */ = {isa = PBXFileReference; fileEncoding = 4; lastKnownFileType = sourcecode.c.objc; path = PNKGetNotesRequest.m; sourceTree = "<group>"; };
		DA1DA0751E734E4E00C2EE2C /* PNKGetNoteRequest.h */ = {isa = PBXFileReference; fileEncoding = 4; lastKnownFileType = sourcecode.c.h; path = PNKGetNoteRequest.h; sourceTree = "<group>"; };
		DA1DA0761E734E4E00C2EE2C /* PNKGetNoteRequest.m */ = {isa = PBXFileReference; fileEncoding = 4; lastKnownFileType = sourcecode.c.objc; path = PNKGetNoteRequest.m; sourceTree = "<group>"; };
		DA1DA07D1E734F7800C2EE2C /* PNKNote.h */ = {isa = PBXFileReference; fileEncoding = 4; lastKnownFileType = sourcecode.c.h; path = PNKNote.h; sourceTree = "<group>"; };
		DA1DA07E1E734F7800C2EE2C /* PNKNote.m */ = {isa = PBXFileReference; fileEncoding = 4; lastKnownFileType = sourcecode.c.objc; path = PNKNote.m; sourceTree = "<group>"; };
		DA1DA0831E74062500C2EE2C /* PNKGetSuggestedTagsRequest.h */ = {isa = PBXFileReference; fileEncoding = 4; lastKnownFileType = sourcecode.c.h; path = PNKGetSuggestedTagsRequest.h; sourceTree = "<group>"; };
		DA1DA0841E74062500C2EE2C /* PNKGetSuggestedTagsRequest.m */ = {isa = PBXFileReference; fileEncoding = 4; lastKnownFileType = sourcecode.c.objc; path = PNKGetSuggestedTagsRequest.m; sourceTree = "<group>"; };
		DA1DA08B1E74194A00C2EE2C /* PNKGetSecretRSSKeyRequest.h */ = {isa = PBXFileReference; fileEncoding = 4; lastKnownFileType = sourcecode.c.h; path = PNKGetSecretRSSKeyRequest.h; sourceTree = "<group>"; };
		DA1DA08C1E74194A00C2EE2C /* PNKGetSecretRSSKeyRequest.m */ = {isa = PBXFileReference; fileEncoding = 4; lastKnownFileType = sourcecode.c.objc; path = PNKGetSecretRSSKeyRequest.m; sourceTree = "<group>"; };
		DA1DA08F1E74197300C2EE2C /* PNKGetSecretRSSKeyRequestTests.m */ = {isa = PBXFileReference; fileEncoding = 4; lastKnownFileType = sourcecode.c.objc; path = PNKGetSecretRSSKeyRequestTests.m; sourceTree = "<group>"; };
		DA3E3C121E1A9D0400F69681 /* PNKPinboardClient.h */ = {isa = PBXFileReference; fileEncoding = 4; lastKnownFileType = sourcecode.c.h; path = PNKPinboardClient.h; sourceTree = "<group>"; };
		DA3E3C131E1A9D0400F69681 /* PNKPinboardClient.m */ = {isa = PBXFileReference; fileEncoding = 4; lastKnownFileType = sourcecode.c.objc; path = PNKPinboardClient.m; sourceTree = "<group>"; };
		DA6590681E708F6200C97DCF /* NSError+PinKit.h */ = {isa = PBXFileReference; fileEncoding = 4; lastKnownFileType = sourcecode.c.h; path = "NSError+PinKit.h"; sourceTree = "<group>"; };
		DA6590691E708F6200C97DCF /* NSError+PinKit.m */ = {isa = PBXFileReference; fileEncoding = 4; lastKnownFileType = sourcecode.c.objc; path = "NSError+PinKit.m"; sourceTree = "<group>"; };
		DA7370D71E75855900A17C36 /* PNKGetAllPostsRequestTests.m */ = {isa = PBXFileReference; fileEncoding = 4; lastKnownFileType = sourcecode.c.objc; path = PNKGetAllPostsRequestTests.m; sourceTree = "<group>"; };
		DA7B2B621E1AF7EC003CEFD2 /* PNKAuthenticationRequest.h */ = {isa = PBXFileReference; fileEncoding = 4; lastKnownFileType = sourcecode.c.h; lineEnding = 0; path = PNKAuthenticationRequest.h; sourceTree = "<group>"; xcLanguageSpecificationIdentifier = xcode.lang.objcpp; };
		DA7B2B631E1AF7ED003CEFD2 /* PNKAuthenticationRequest.m */ = {isa = PBXFileReference; fileEncoding = 4; lastKnownFileType = sourcecode.c.objc; path = PNKAuthenticationRequest.m; sourceTree = "<group>"; };
		DA7B2B651E1AF7ED003CEFD2 /* PNKGetAllPostsRequest.h */ = {isa = PBXFileReference; fileEncoding = 4; lastKnownFileType = sourcecode.c.h; lineEnding = 0; path = PNKGetAllPostsRequest.h; sourceTree = "<group>"; xcLanguageSpecificationIdentifier = xcode.lang.objcpp; };
		DA7B2B661E1AF7ED003CEFD2 /* PNKGetAllPostsRequest.m */ = {isa = PBXFileReference; fileEncoding = 4; lastKnownFileType = sourcecode.c.objc; path = PNKGetAllPostsRequest.m; sourceTree = "<group>"; };
		DA7D897B1E707D5100266250 /* PNKAddPostRequest.h */ = {isa = PBXFileReference; fileEncoding = 4; lastKnownFileType = sourcecode.c.h; lineEnding = 0; path = PNKAddPostRequest.h; sourceTree = "<group>"; xcLanguageSpecificationIdentifier = xcode.lang.objcpp; };
		DA7D897C1E707D5100266250 /* PNKAddPostRequest.m */ = {isa = PBXFileReference; fileEncoding = 4; lastKnownFileType = sourcecode.c.objc; lineEnding = 0; path = PNKAddPostRequest.m; sourceTree = "<group>"; xcLanguageSpecificationIdentifier = xcode.lang.objc; };
		DA8A0CB41E6C0B3D00802315 /* PinKitTests-macOS.xctest */ = {isa = PBXFileReference; explicitFileType = wrapper.cfbundle; includeInIndex = 0; path = "PinKitTests-macOS.xctest"; sourceTree = BUILT_PRODUCTS_DIR; };
		DA8A0CCB1E6C0E9800802315 /* PNKGetLastUpdateRequestTests.m */ = {isa = PBXFileReference; fileEncoding = 4; lastKnownFileType = sourcecode.c.objc; path = PNKGetLastUpdateRequestTests.m; sourceTree = "<group>"; };
		DA8A0CCE1E6C148900802315 /* PNKGetLastUpdateRequest.h */ = {isa = PBXFileReference; fileEncoding = 4; lastKnownFileType = sourcecode.c.h; path = PNKGetLastUpdateRequest.h; sourceTree = "<group>"; };
		DA8A0CCF1E6C148900802315 /* PNKGetLastUpdateRequest.m */ = {isa = PBXFileReference; fileEncoding = 4; lastKnownFileType = sourcecode.c.objc; path = PNKGetLastUpdateRequest.m; sourceTree = "<group>"; };
		DA96A4591EABA68200924455 /* Cassettes.bundle */ = {isa = PBXFileReference; lastKnownFileType = "wrapper.plug-in"; path = Cassettes.bundle; sourceTree = "<group>"; };
		DAA333BE1E1AA90F00468A9E /* PNKDefines.h */ = {isa = PBXFileReference; lastKnownFileType = sourcecode.c.h; path = PNKDefines.h; sourceTree = "<group>"; };
		DAA333C01E1AB13400468A9E /* NSURLSession+PinKit.h */ = {isa = PBXFileReference; fileEncoding = 4; lastKnownFileType = sourcecode.c.h; path = "NSURLSession+PinKit.h"; sourceTree = "<group>"; };
		DAA333C11E1AB13400468A9E /* NSURLSession+PinKit.m */ = {isa = PBXFileReference; fileEncoding = 4; lastKnownFileType = sourcecode.c.objc; lineEnding = 0; path = "NSURLSession+PinKit.m"; sourceTree = "<group>"; xcLanguageSpecificationIdentifier = xcode.lang.objc; };
		DAA333CC1E1ACC9300468A9E /* PNKRequest.h */ = {isa = PBXFileReference; fileEncoding = 4; lastKnownFileType = sourcecode.c.h; path = PNKRequest.h; sourceTree = "<group>"; };
		DAA333CD1E1ACC9300468A9E /* PNKRequest.m */ = {isa = PBXFileReference; fileEncoding = 4; lastKnownFileType = sourcecode.c.objc; path = PNKRequest.m; sourceTree = "<group>"; };
		DAA333D41E1AE9E100468A9E /* NSURL+PinKit.h */ = {isa = PBXFileReference; fileEncoding = 4; lastKnownFileType = sourcecode.c.h; path = "NSURL+PinKit.h"; sourceTree = "<group>"; };
		DAA333D51E1AE9E100468A9E /* NSURL+PinKit.m */ = {isa = PBXFileReference; fileEncoding = 4; lastKnownFileType = sourcecode.c.objc; path = "NSURL+PinKit.m"; sourceTree = "<group>"; };
		DAB3E8BD1E1D715D008D4A22 /* NSArray+PNKMap.h */ = {isa = PBXFileReference; fileEncoding = 4; lastKnownFileType = sourcecode.c.h; path = "NSArray+PNKMap.h"; sourceTree = "<group>"; };
		DAB3E8BE1E1D715D008D4A22 /* NSArray+PNKMap.m */ = {isa = PBXFileReference; fileEncoding = 4; lastKnownFileType = sourcecode.c.objc; path = "NSArray+PNKMap.m"; sourceTree = "<group>"; };
		DAB598A01E1A8773003EA11D /* PinKit.framework */ = {isa = PBXFileReference; explicitFileType = wrapper.framework; includeInIndex = 0; path = PinKit.framework; sourceTree = BUILT_PRODUCTS_DIR; };
		DAB598A31E1A8773003EA11D /* PinKit.h */ = {isa = PBXFileReference; lastKnownFileType = sourcecode.c.h; lineEnding = 0; path = PinKit.h; sourceTree = "<group>"; xcLanguageSpecificationIdentifier = xcode.lang.objcpp; };
		DAC1FEBD1E71DCAE00927F95 /* PNKDeletePostRequest.h */ = {isa = PBXFileReference; fileEncoding = 4; lastKnownFileType = sourcecode.c.h; lineEnding = 0; path = PNKDeletePostRequest.h; sourceTree = "<group>"; xcLanguageSpecificationIdentifier = xcode.lang.objcpp; };
		DAC1FEBE1E71DCAE00927F95 /* PNKDeletePostRequest.m */ = {isa = PBXFileReference; fileEncoding = 4; lastKnownFileType = sourcecode.c.objc; lineEnding = 0; path = PNKDeletePostRequest.m; sourceTree = "<group>"; xcLanguageSpecificationIdentifier = xcode.lang.objc; };
		DAC5E9621EA1658F0019D5DC /* PNKHTTP.h */ = {isa = PBXFileReference; fileEncoding = 4; lastKnownFileType = sourcecode.c.h; path = PNKHTTP.h; sourceTree = "<group>"; };
		DAC5E9631EA1658F0019D5DC /* PNKHTTP.m */ = {isa = PBXFileReference; fileEncoding = 4; lastKnownFileType = sourcecode.c.objc; path = PNKHTTP.m; sourceTree = "<group>"; };
		DAC7D2CC1E6DFF4A008F3320 /* PNKGetRecentPostsRequest.h */ = {isa = PBXFileReference; fileEncoding = 4; lastKnownFileType = sourcecode.c.h; path = PNKGetRecentPostsRequest.h; sourceTree = "<group>"; };
		DAC7D2CD1E6DFF4A008F3320 /* PNKGetRecentPostsRequest.m */ = {isa = PBXFileReference; fileEncoding = 4; lastKnownFileType = sourcecode.c.objc; path = PNKGetRecentPostsRequest.m; sourceTree = "<group>"; };
		DAE79BC31F7E48FC0090D736 /* PNKBookmarkTests.m */ = {isa = PBXFileReference; lastKnownFileType = sourcecode.c.objc; path = PNKBookmarkTests.m; sourceTree = "<group>"; };
		DAE79BC71F7E497C0090D736 /* PNKNoteTests.m */ = {isa = PBXFileReference; lastKnownFileType = sourcecode.c.objc; path = PNKNoteTests.m; sourceTree = "<group>"; };
		DAE8F11F1F631C8E0085B953 /* Config.xcconfig */ = {isa = PBXFileReference; lastKnownFileType = text.xcconfig; path = Config.xcconfig; sourceTree = SOURCE_ROOT; };
		DAF953E91F5DC602002F317E /* RecorderSession.framework */ = {isa = PBXFileReference; lastKnownFileType = wrapper.framework; name = RecorderSession.framework; path = Carthage/Build/Mac/RecorderSession.framework; sourceTree = "<group>"; };
		DAF953EB1F5DC610002F317E /* RecorderSession.framework */ = {isa = PBXFileReference; lastKnownFileType = wrapper.framework; name = RecorderSession.framework; path = Carthage/Build/iOS/RecorderSession.framework; sourceTree = "<group>"; };
		DAFE721B1EA3752300BBF1B3 /* PNKDateFormatterTests.m */ = {isa = PBXFileReference; fileEncoding = 4; lastKnownFileType = sourcecode.c.objc; path = PNKDateFormatterTests.m; sourceTree = "<group>"; };
		DAFE721D1EA378FA00BBF1B3 /* PNKMapTests.m */ = {isa = PBXFileReference; fileEncoding = 4; lastKnownFileType = sourcecode.c.objc; path = PNKMapTests.m; sourceTree = "<group>"; };
		DAFE721F1EA3A32D00BBF1B3 /* PNKPinboardClientTests.m */ = {isa = PBXFileReference; fileEncoding = 4; lastKnownFileType = sourcecode.c.objc; path = PNKPinboardClientTests.m; sourceTree = "<group>"; };
		DAFE72291EA3E0CB00BBF1B3 /* Info-macOS.plist */ = {isa = PBXFileReference; lastKnownFileType = text.plist.xml; path = "Info-macOS.plist"; sourceTree = "<group>"; };
		DAFE722F1EA3E16100BBF1B3 /* PinKit.framework */ = {isa = PBXFileReference; explicitFileType = wrapper.framework; includeInIndex = 0; path = PinKit.framework; sourceTree = BUILT_PRODUCTS_DIR; };
		DAFE72371EA3E19700BBF1B3 /* Info-iOS.plist */ = {isa = PBXFileReference; lastKnownFileType = text.plist.xml; path = "Info-iOS.plist"; sourceTree = "<group>"; };
		DAFE72561EA3E38400BBF1B3 /* Info-macOS.plist */ = {isa = PBXFileReference; lastKnownFileType = text.plist.xml; path = "Info-macOS.plist"; sourceTree = "<group>"; };
		DAFE728F1EA3EA3B00BBF1B3 /* PinKitTests-iOS.xctest */ = {isa = PBXFileReference; explicitFileType = wrapper.cfbundle; includeInIndex = 0; path = "PinKitTests-iOS.xctest"; sourceTree = BUILT_PRODUCTS_DIR; };
		DAFE729A1EA3EA8200BBF1B3 /* Info-iOS.plist */ = {isa = PBXFileReference; lastKnownFileType = text.plist.xml; path = "Info-iOS.plist"; sourceTree = "<group>"; };
/* End PBXFileReference section */

/* Begin PBXFrameworksBuildPhase section */
		DA8A0CB11E6C0B3D00802315 /* Frameworks */ = {
			isa = PBXFrameworksBuildPhase;
			buildActionMask = 2147483647;
			files = (
				DA8A0CB91E6C0B3D00802315 /* PinKit.framework in Frameworks */,
				DAF953EA1F5DC602002F317E /* RecorderSession.framework in Frameworks */,
			);
			runOnlyForDeploymentPostprocessing = 0;
		};
		DAB5989C1E1A8773003EA11D /* Frameworks */ = {
			isa = PBXFrameworksBuildPhase;
			buildActionMask = 2147483647;
			files = (
			);
			runOnlyForDeploymentPostprocessing = 0;
		};
		DAFE722B1EA3E16100BBF1B3 /* Frameworks */ = {
			isa = PBXFrameworksBuildPhase;
			buildActionMask = 2147483647;
			files = (
			);
			runOnlyForDeploymentPostprocessing = 0;
		};
		DAFE728C1EA3EA3B00BBF1B3 /* Frameworks */ = {
			isa = PBXFrameworksBuildPhase;
			buildActionMask = 2147483647;
			files = (
				DAFE72941EA3EA3B00BBF1B3 /* PinKit.framework in Frameworks */,
				DAF953EC1F5DC610002F317E /* RecorderSession.framework in Frameworks */,
			);
			runOnlyForDeploymentPostprocessing = 0;
		};
/* End PBXFrameworksBuildPhase section */

/* Begin PBXGroup section */
		DA026B281E1BB9B80085ADA9 /* Types */ = {
			isa = PBXGroup;
			children = (
				DA026B291E1BB9B80085ADA9 /* PNKBookmark.h */,
				DA026B2A1E1BB9B80085ADA9 /* PNKBookmark.m */,
				DA1DA07D1E734F7800C2EE2C /* PNKNote.h */,
				DA1DA07E1E734F7800C2EE2C /* PNKNote.m */,
				DA026B2B1E1BB9B80085ADA9 /* PNKPinboardBool.h */,
				DA026B2C1E1BB9B80085ADA9 /* PNKPinboardBool.m */,
				DAC5E9621EA1658F0019D5DC /* PNKHTTP.h */,
				DAC5E9631EA1658F0019D5DC /* PNKHTTP.m */,
			);
			path = Types;
			sourceTree = "<group>";
		};
		DA1058EA1E74B4F3003B5042 /* PNKRequestTestCase */ = {
			isa = PBXGroup;
			children = (
				DA1058EB1E74B4F3003B5042 /* PNKRequestTestCase.h */,
				DA1058EC1E74B4F3003B5042 /* PNKRequestTestCase.m */,
			);
			path = PNKRequestTestCase;
			sourceTree = "<group>";
		};
		DA1058EE1E74B503003B5042 /* NotesTests */ = {
			isa = PBXGroup;
			children = (
				DA1058EF1E74B503003B5042 /* PNKGetNoteRequestTests.m */,
				DA1058F01E74B503003B5042 /* PNKGetNotesRequestTests.m */,
			);
			path = NotesTests;
			sourceTree = "<group>";
		};
		DA1058F11E74B503003B5042 /* PostsTests */ = {
			isa = PBXGroup;
			children = (
				DA1058F21E74B503003B5042 /* PNKAddPostRequestTests.m */,
				DA1058F31E74B503003B5042 /* PNKDeletePostRequestTests.m */,
				DA1058F41E74B503003B5042 /* PNKGetRecentPostsRequestTests.m */,
				DA7370D71E75855900A17C36 /* PNKGetAllPostsRequestTests.m */,
			);
			path = PostsTests;
			sourceTree = "<group>";
		};
		DA1058F51E74B503003B5042 /* TagsTests */ = {
			isa = PBXGroup;
			children = (
				DA1058F61E74B503003B5042 /* PNKDeleteTagRequestTests.m */,
				DA1058F71E74B503003B5042 /* PNKGetSuggestedTagsRequestTests.m */,
				DA1058F81E74B503003B5042 /* PNKGetTagsRequestTests.m */,
				DA1058F91E74B503003B5042 /* PNKRenameTagRequestTests.m */,
			);
			path = TagsTests;
			sourceTree = "<group>";
		};
		DA1DA08A1E74193F00C2EE2C /* SecretRSSKey */ = {
			isa = PBXGroup;
			children = (
				DA1DA08B1E74194A00C2EE2C /* PNKGetSecretRSSKeyRequest.h */,
				DA1DA08C1E74194A00C2EE2C /* PNKGetSecretRSSKeyRequest.m */,
			);
			path = SecretRSSKey;
			sourceTree = "<group>";
		};
		DA7B2B611E1AF7EC003CEFD2 /* Authentication */ = {
			isa = PBXGroup;
			children = (
				DA7B2B621E1AF7EC003CEFD2 /* PNKAuthenticationRequest.h */,
				DA7B2B631E1AF7ED003CEFD2 /* PNKAuthenticationRequest.m */,
			);
			path = Authentication;
			sourceTree = "<group>";
		};
		DA7B2B641E1AF7ED003CEFD2 /* Posts */ = {
			isa = PBXGroup;
			children = (
				DA7B2B651E1AF7ED003CEFD2 /* PNKGetAllPostsRequest.h */,
				DA7B2B661E1AF7ED003CEFD2 /* PNKGetAllPostsRequest.m */,
				DAC7D2CC1E6DFF4A008F3320 /* PNKGetRecentPostsRequest.h */,
				DAC7D2CD1E6DFF4A008F3320 /* PNKGetRecentPostsRequest.m */,
				DA7D897B1E707D5100266250 /* PNKAddPostRequest.h */,
				DA7D897C1E707D5100266250 /* PNKAddPostRequest.m */,
				DAC1FEBD1E71DCAE00927F95 /* PNKDeletePostRequest.h */,
				DAC1FEBE1E71DCAE00927F95 /* PNKDeletePostRequest.m */,
			);
			path = Posts;
			sourceTree = "<group>";
		};
		DA8A0CB51E6C0B3D00802315 /* PinKitTests */ = {
			isa = PBXGroup;
			children = (
				DA96A4591EABA68200924455 /* Cassettes.bundle */,
				DA1058EA1E74B4F3003B5042 /* PNKRequestTestCase */,
				DAFE721F1EA3A32D00BBF1B3 /* PNKPinboardClientTests.m */,
				DA10589D1E74A92A003B5042 /* PNKAuthenticationRequestTests.m */,
				DA8A0CCB1E6C0E9800802315 /* PNKGetLastUpdateRequestTests.m */,
				DA1DA08F1E74197300C2EE2C /* PNKGetSecretRSSKeyRequestTests.m */,
				DAFE721B1EA3752300BBF1B3 /* PNKDateFormatterTests.m */,
				DAFE721D1EA378FA00BBF1B3 /* PNKMapTests.m */,
				DA1058F11E74B503003B5042 /* PostsTests */,
				DA1058F51E74B503003B5042 /* TagsTests */,
				DA1058EE1E74B503003B5042 /* NotesTests */,
				DAE79BC61F7E49060090D736 /* TypesTests */,
				DAFE72551EA3E38400BBF1B3 /* Supporting Files */,
			);
			path = PinKitTests;
			sourceTree = "<group>";
		};
		DA8A0CCD1E6C148900802315 /* LastUpdate */ = {
			isa = PBXGroup;
			children = (
				DA8A0CCE1E6C148900802315 /* PNKGetLastUpdateRequest.h */,
				DA8A0CCF1E6C148900802315 /* PNKGetLastUpdateRequest.m */,
			);
			path = LastUpdate;
			sourceTree = "<group>";
		};
		DAA333BF1E1AB12200468A9E /* Extensions */ = {
			isa = PBXGroup;
			children = (
				DA6590681E708F6200C97DCF /* NSError+PinKit.h */,
				DA6590691E708F6200C97DCF /* NSError+PinKit.m */,
				DAB3E8BD1E1D715D008D4A22 /* NSArray+PNKMap.h */,
				DAB3E8BE1E1D715D008D4A22 /* NSArray+PNKMap.m */,
				DAA333C01E1AB13400468A9E /* NSURLSession+PinKit.h */,
				DAA333C11E1AB13400468A9E /* NSURLSession+PinKit.m */,
				DAA333D41E1AE9E100468A9E /* NSURL+PinKit.h */,
				DAA333D51E1AE9E100468A9E /* NSURL+PinKit.m */,
				DA026B241E1BB9850085ADA9 /* NSDateFormatter+PNKPinboard.h */,
				DA026B251E1BB9850085ADA9 /* NSDateFormatter+PNKPinboard.m */,
			);
			path = Extensions;
			sourceTree = "<group>";
		};
		DAA333C51E1ABFB000468A9E /* PNKRequest */ = {
			isa = PBXGroup;
			children = (
				DAA333CC1E1ACC9300468A9E /* PNKRequest.h */,
				DAA333CD1E1ACC9300468A9E /* PNKRequest.m */,
				DA7B2B611E1AF7EC003CEFD2 /* Authentication */,
				DA8A0CCD1E6C148900802315 /* LastUpdate */,
				DA7B2B641E1AF7ED003CEFD2 /* Posts */,
				DAC1FEC41E71E25600927F95 /* Tags */,
				DAC1FEC31E71E25600927F95 /* Notes */,
				DA1DA08A1E74193F00C2EE2C /* SecretRSSKey */,
			);
			path = PNKRequest;
			sourceTree = "<group>";
		};
		DAB598961E1A8773003EA11D = {
			isa = PBXGroup;
			children = (
				DAB598A21E1A8773003EA11D /* PinKit */,
				DA8A0CB51E6C0B3D00802315 /* PinKitTests */,
				DAD29E911E90EF1F0000B847 /* Frameworks */,
				DAB598A11E1A8773003EA11D /* Products */,
			);
			sourceTree = "<group>";
		};
		DAB598A11E1A8773003EA11D /* Products */ = {
			isa = PBXGroup;
			children = (
				DAB598A01E1A8773003EA11D /* PinKit.framework */,
				DA8A0CB41E6C0B3D00802315 /* PinKitTests-macOS.xctest */,
				DAFE722F1EA3E16100BBF1B3 /* PinKit.framework */,
				DAFE728F1EA3EA3B00BBF1B3 /* PinKitTests-iOS.xctest */,
			);
			name = Products;
			sourceTree = "<group>";
		};
		DAB598A21E1A8773003EA11D /* PinKit */ = {
			isa = PBXGroup;
			children = (
				DAB598A31E1A8773003EA11D /* PinKit.h */,
				DAA333BE1E1AA90F00468A9E /* PNKDefines.h */,
				DA3E3C121E1A9D0400F69681 /* PNKPinboardClient.h */,
				DA3E3C131E1A9D0400F69681 /* PNKPinboardClient.m */,
				DAA333C51E1ABFB000468A9E /* PNKRequest */,
				DA026B281E1BB9B80085ADA9 /* Types */,
				DAA333BF1E1AB12200468A9E /* Extensions */,
				DAFE72281EA3E0CB00BBF1B3 /* Supporting Files */,
			);
			path = PinKit;
			sourceTree = "<group>";
		};
		DAC1FEC31E71E25600927F95 /* Notes */ = {
			isa = PBXGroup;
			children = (
				DA1DA0711E734E4400C2EE2C /* PNKGetNotesRequest.h */,
				DA1DA0721E734E4400C2EE2C /* PNKGetNotesRequest.m */,
				DA1DA0751E734E4E00C2EE2C /* PNKGetNoteRequest.h */,
				DA1DA0761E734E4E00C2EE2C /* PNKGetNoteRequest.m */,
			);
			path = Notes;
			sourceTree = "<group>";
		};
		DAC1FEC41E71E25600927F95 /* Tags */ = {
			isa = PBXGroup;
			children = (
				DA1DA05F1E7347E200C2EE2C /* PNKGetTagsRequest.h */,
				DA1DA0601E7347E200C2EE2C /* PNKGetTagsRequest.m */,
				DA1DA0651E734A1400C2EE2C /* PNKRenameTagRequest.h */,
				DA1DA0661E734A1400C2EE2C /* PNKRenameTagRequest.m */,
				DA1DA06D1E734CA700C2EE2C /* PNKDeleteTagRequest.h */,
				DA1DA06E1E734CA700C2EE2C /* PNKDeleteTagRequest.m */,
				DA1DA0831E74062500C2EE2C /* PNKGetSuggestedTagsRequest.h */,
				DA1DA0841E74062500C2EE2C /* PNKGetSuggestedTagsRequest.m */,
			);
			path = Tags;
			sourceTree = "<group>";
		};
		DAD29E911E90EF1F0000B847 /* Frameworks */ = {
			isa = PBXGroup;
			children = (
				DAF953EB1F5DC610002F317E /* RecorderSession.framework */,
				DAF953E91F5DC602002F317E /* RecorderSession.framework */,
			);
			name = Frameworks;
			sourceTree = "<group>";
		};
		DAE79BC61F7E49060090D736 /* TypesTests */ = {
			isa = PBXGroup;
			children = (
				DAE79BC31F7E48FC0090D736 /* PNKBookmarkTests.m */,
				DAE79BC71F7E497C0090D736 /* PNKNoteTests.m */,
			);
			path = TypesTests;
			sourceTree = "<group>";
		};
		DAFE72281EA3E0CB00BBF1B3 /* Supporting Files */ = {
			isa = PBXGroup;
			children = (
				DAFE72371EA3E19700BBF1B3 /* Info-iOS.plist */,
				DAFE72291EA3E0CB00BBF1B3 /* Info-macOS.plist */,
				DAE8F11F1F631C8E0085B953 /* Config.xcconfig */,
			);
			path = "Supporting Files";
			sourceTree = "<group>";
		};
		DAFE72551EA3E38400BBF1B3 /* Supporting Files */ = {
			isa = PBXGroup;
			children = (
				DAFE729A1EA3EA8200BBF1B3 /* Info-iOS.plist */,
				DAFE72561EA3E38400BBF1B3 /* Info-macOS.plist */,
			);
			path = "Supporting Files";
			sourceTree = "<group>";
		};
/* End PBXGroup section */

/* Begin PBXHeadersBuildPhase section */
		DAB5989D1E1A8773003EA11D /* Headers */ = {
			isa = PBXHeadersBuildPhase;
			buildActionMask = 2147483647;
			files = (
				DAC5E9641EA1658F0019D5DC /* PNKHTTP.h in Headers */,
				DA3E3C141E1A9D0400F69681 /* PNKPinboardClient.h in Headers */,
				DA7B2B671E1AF7ED003CEFD2 /* PNKAuthenticationRequest.h in Headers */,
				DAB598A51E1A8773003EA11D /* PinKit.h in Headers */,
				DA1DA06F1E734CA700C2EE2C /* PNKDeleteTagRequest.h in Headers */,
				DA1DA0771E734E4E00C2EE2C /* PNKGetNoteRequest.h in Headers */,
				DAC1FEBF1E71DCAE00927F95 /* PNKDeletePostRequest.h in Headers */,
				DA1DA0731E734E4400C2EE2C /* PNKGetNotesRequest.h in Headers */,
				DA8A0CD01E6C148900802315 /* PNKGetLastUpdateRequest.h in Headers */,
				DA1DA08D1E74194A00C2EE2C /* PNKGetSecretRSSKeyRequest.h in Headers */,
				DA1DA0671E734A1400C2EE2C /* PNKRenameTagRequest.h in Headers */,
				DAC7D2CE1E6DFF4A008F3320 /* PNKGetRecentPostsRequest.h in Headers */,
				DAA333CE1E1ACC9300468A9E /* PNKRequest.h in Headers */,
				DA1DA0611E7347E200C2EE2C /* PNKGetTagsRequest.h in Headers */,
				DA7D897D1E707D5100266250 /* PNKAddPostRequest.h in Headers */,
				DA7B2B691E1AF7ED003CEFD2 /* PNKGetAllPostsRequest.h in Headers */,
				DA1DA07F1E734F7800C2EE2C /* PNKNote.h in Headers */,
				DA026B2D1E1BB9B80085ADA9 /* PNKBookmark.h in Headers */,
				DA1DA0851E74062500C2EE2C /* PNKGetSuggestedTagsRequest.h in Headers */,
				DAC5E9671EA1736A0019D5DC /* NSError+PinKit.h in Headers */,
			);
			runOnlyForDeploymentPostprocessing = 0;
		};
		DAFE722C1EA3E16100BBF1B3 /* Headers */ = {
			isa = PBXHeadersBuildPhase;
			buildActionMask = 2147483647;
			files = (
				DAFE724E1EA3E2B600BBF1B3 /* PNKGetRecentPostsRequest.h in Headers */,
				DAFE72411EA3E24600BBF1B3 /* PinKit.h in Headers */,
				DAFE72491EA3E29E00BBF1B3 /* PNKPinboardClient.h in Headers */,
				DAFE724F1EA3E2B900BBF1B3 /* PNKAddPostRequest.h in Headers */,
				DAFE72431EA3E27E00BBF1B3 /* PNKHTTP.h in Headers */,
				DAFE72531EA3E2C700BBF1B3 /* PNKDeleteTagRequest.h in Headers */,
				DAFE72461EA3E28E00BBF1B3 /* PNKGetSecretRSSKeyRequest.h in Headers */,
				DAFE72511EA3E2C100BBF1B3 /* PNKGetTagsRequest.h in Headers */,
				DAFE724A1EA3E2A300BBF1B3 /* PNKRequest.h in Headers */,
				DAFE72501EA3E2BC00BBF1B3 /* PNKDeletePostRequest.h in Headers */,
				DAFE724B1EA3E2A700BBF1B3 /* PNKAuthenticationRequest.h in Headers */,
				DAFE724D1EA3E2B300BBF1B3 /* PNKGetAllPostsRequest.h in Headers */,
				DAFE72521EA3E2C400BBF1B3 /* PNKRenameTagRequest.h in Headers */,
				DAFE72451EA3E28700BBF1B3 /* PNKBookmark.h in Headers */,
				DAFE72441EA3E28300BBF1B3 /* PNKNote.h in Headers */,
				DAFE724C1EA3E2AE00BBF1B3 /* PNKGetLastUpdateRequest.h in Headers */,
				DAFE72481EA3E29500BBF1B3 /* PNKGetNotesRequest.h in Headers */,
				DAFE72421EA3E27200BBF1B3 /* NSError+PinKit.h in Headers */,
				DAFE72541EA3E2CF00BBF1B3 /* PNKGetSuggestedTagsRequest.h in Headers */,
				DAFE72471EA3E29200BBF1B3 /* PNKGetNoteRequest.h in Headers */,
			);
			runOnlyForDeploymentPostprocessing = 0;
		};
/* End PBXHeadersBuildPhase section */

/* Begin PBXNativeTarget section */
		DA8A0CB31E6C0B3D00802315 /* PinKitTests-macOS */ = {
			isa = PBXNativeTarget;
			buildConfigurationList = DA8A0CBE1E6C0B3D00802315 /* Build configuration list for PBXNativeTarget "PinKitTests-macOS" */;
			buildPhases = (
				DA8A0CB01E6C0B3D00802315 /* Sources */,
				DAF953EF1F5DC70E002F317E /* Copy Carthage Frameworks */,
				DA8A0CB11E6C0B3D00802315 /* Frameworks */,
				DA8A0CB21E6C0B3D00802315 /* Resources */,
			);
			buildRules = (
			);
			dependencies = (
				DA8A0CBB1E6C0B3D00802315 /* PBXTargetDependency */,
			);
			name = "PinKitTests-macOS";
			productName = PinKitTests;
			productReference = DA8A0CB41E6C0B3D00802315 /* PinKitTests-macOS.xctest */;
			productType = "com.apple.product-type.bundle.unit-test";
		};
		DAB5989F1E1A8773003EA11D /* PinKit-macOS */ = {
			isa = PBXNativeTarget;
			buildConfigurationList = DAB598A81E1A8773003EA11D /* Build configuration list for PBXNativeTarget "PinKit-macOS" */;
			buildPhases = (
				DAB5989B1E1A8773003EA11D /* Sources */,
				DAB5989C1E1A8773003EA11D /* Frameworks */,
				DAB5989D1E1A8773003EA11D /* Headers */,
				DAB5989E1E1A8773003EA11D /* Resources */,
			);
			buildRules = (
			);
			dependencies = (
			);
			name = "PinKit-macOS";
			productName = PinKit;
			productReference = DAB598A01E1A8773003EA11D /* PinKit.framework */;
			productType = "com.apple.product-type.framework";
		};
		DAFE722E1EA3E16100BBF1B3 /* PinKit-iOS */ = {
			isa = PBXNativeTarget;
			buildConfigurationList = DAFE72361EA3E16200BBF1B3 /* Build configuration list for PBXNativeTarget "PinKit-iOS" */;
			buildPhases = (
				DAFE722A1EA3E16100BBF1B3 /* Sources */,
				DAFE722B1EA3E16100BBF1B3 /* Frameworks */,
				DAFE722C1EA3E16100BBF1B3 /* Headers */,
				DAFE722D1EA3E16100BBF1B3 /* Resources */,
			);
			buildRules = (
			);
			dependencies = (
			);
			name = "PinKit-iOS";
			productName = "PinKit-iOS";
			productReference = DAFE722F1EA3E16100BBF1B3 /* PinKit.framework */;
			productType = "com.apple.product-type.framework";
		};
		DAFE728E1EA3EA3B00BBF1B3 /* PinKitTests-iOS */ = {
			isa = PBXNativeTarget;
			buildConfigurationList = DAFE72991EA3EA3B00BBF1B3 /* Build configuration list for PBXNativeTarget "PinKitTests-iOS" */;
			buildPhases = (
				DAFE728B1EA3EA3B00BBF1B3 /* Sources */,
				DAF953ED1F5DC6E4002F317E /* Copy Carthage Frameworks */,
				DAFE728C1EA3EA3B00BBF1B3 /* Frameworks */,
				DAFE728D1EA3EA3B00BBF1B3 /* Resources */,
			);
			buildRules = (
			);
			dependencies = (
				DAFE72961EA3EA3B00BBF1B3 /* PBXTargetDependency */,
			);
			name = "PinKitTests-iOS";
			productName = "PinKitTests-iOS";
			productReference = DAFE728F1EA3EA3B00BBF1B3 /* PinKitTests-iOS.xctest */;
			productType = "com.apple.product-type.bundle.unit-test";
		};
/* End PBXNativeTarget section */

/* Begin PBXProject section */
		DAB598971E1A8773003EA11D /* Project object */ = {
			isa = PBXProject;
			attributes = {
				CLASSPREFIX = PNK;
				LastUpgradeCheck = 1120;
				ORGANIZATIONNAME = "Marcel Dierkes";
				TargetAttributes = {
					DA8A0CB31E6C0B3D00802315 = {
						CreatedOnToolsVersion = 8.2.1;
						ProvisioningStyle = Manual;
					};
					DAB5989F1E1A8773003EA11D = {
						CreatedOnToolsVersion = 8.2.1;
						DevelopmentTeam = 5KESHV9W85;
						ProvisioningStyle = Automatic;
					};
					DAFE722E1EA3E16100BBF1B3 = {
						CreatedOnToolsVersion = 8.3.1;
						DevelopmentTeam = 5KESHV9W85;
						ProvisioningStyle = Automatic;
					};
					DAFE728E1EA3EA3B00BBF1B3 = {
						CreatedOnToolsVersion = 8.3.1;
						DevelopmentTeam = 5KESHV9W85;
						ProvisioningStyle = Automatic;
					};
				};
			};
			buildConfigurationList = DAB5989A1E1A8773003EA11D /* Build configuration list for PBXProject "PinKit" */;
			compatibilityVersion = "Xcode 3.2";
			developmentRegion = en;
			hasScannedForEncodings = 0;
			knownRegions = (
				en,
				Base,
			);
			mainGroup = DAB598961E1A8773003EA11D;
			productRefGroup = DAB598A11E1A8773003EA11D /* Products */;
			projectDirPath = "";
			projectRoot = "";
			targets = (
				DAB5989F1E1A8773003EA11D /* PinKit-macOS */,
				DAFE722E1EA3E16100BBF1B3 /* PinKit-iOS */,
				DA8A0CB31E6C0B3D00802315 /* PinKitTests-macOS */,
				DAFE728E1EA3EA3B00BBF1B3 /* PinKitTests-iOS */,
			);
		};
/* End PBXProject section */

/* Begin PBXResourcesBuildPhase section */
		DA8A0CB21E6C0B3D00802315 /* Resources */ = {
			isa = PBXResourcesBuildPhase;
			buildActionMask = 2147483647;
			files = (
				DA96A45A1EABA68200924455 /* Cassettes.bundle in Resources */,
			);
			runOnlyForDeploymentPostprocessing = 0;
		};
		DAB5989E1E1A8773003EA11D /* Resources */ = {
			isa = PBXResourcesBuildPhase;
			buildActionMask = 2147483647;
			files = (
			);
			runOnlyForDeploymentPostprocessing = 0;
		};
		DAFE722D1EA3E16100BBF1B3 /* Resources */ = {
			isa = PBXResourcesBuildPhase;
			buildActionMask = 2147483647;
			files = (
			);
			runOnlyForDeploymentPostprocessing = 0;
		};
		DAFE728D1EA3EA3B00BBF1B3 /* Resources */ = {
			isa = PBXResourcesBuildPhase;
			buildActionMask = 2147483647;
			files = (
				DA96A45B1EABA68200924455 /* Cassettes.bundle in Resources */,
			);
			runOnlyForDeploymentPostprocessing = 0;
		};
/* End PBXResourcesBuildPhase section */

/* Begin PBXSourcesBuildPhase section */
		DA8A0CB01E6C0B3D00802315 /* Sources */ = {
			isa = PBXSourcesBuildPhase;
			buildActionMask = 2147483647;
			files = (
				DAFE721C1EA3752300BBF1B3 /* PNKDateFormatterTests.m in Sources */,
				DA7370D81E75855900A17C36 /* PNKGetAllPostsRequestTests.m in Sources */,
				DA1058FA1E74B503003B5042 /* PNKGetNoteRequestTests.m in Sources */,
				DAE79BC41F7E48FC0090D736 /* PNKBookmarkTests.m in Sources */,
				DA1058ED1E74B4F3003B5042 /* PNKRequestTestCase.m in Sources */,
				DA1059011E74B503003B5042 /* PNKGetTagsRequestTests.m in Sources */,
				DAFE721E1EA378FA00BBF1B3 /* PNKMapTests.m in Sources */,
				DA1059021E74B503003B5042 /* PNKRenameTagRequestTests.m in Sources */,
				DA10589E1E74A92A003B5042 /* PNKAuthenticationRequestTests.m in Sources */,
				DAE79BC81F7E497C0090D736 /* PNKNoteTests.m in Sources */,
				DA1058FF1E74B503003B5042 /* PNKDeleteTagRequestTests.m in Sources */,
				DA8A0CCC1E6C0E9800802315 /* PNKGetLastUpdateRequestTests.m in Sources */,
				DA1058FD1E74B503003B5042 /* PNKDeletePostRequestTests.m in Sources */,
				DA1059001E74B503003B5042 /* PNKGetSuggestedTagsRequestTests.m in Sources */,
				DA1058FB1E74B503003B5042 /* PNKGetNotesRequestTests.m in Sources */,
				DA1DA0901E74197300C2EE2C /* PNKGetSecretRSSKeyRequestTests.m in Sources */,
				DA1058FC1E74B503003B5042 /* PNKAddPostRequestTests.m in Sources */,
				DAFE72201EA3A32D00BBF1B3 /* PNKPinboardClientTests.m in Sources */,
				DA1058FE1E74B503003B5042 /* PNKGetRecentPostsRequestTests.m in Sources */,
			);
			runOnlyForDeploymentPostprocessing = 0;
		};
		DAB5989B1E1A8773003EA11D /* Sources */ = {
			isa = PBXSourcesBuildPhase;
			buildActionMask = 2147483647;
			files = (
				DA026B271E1BB9850085ADA9 /* NSDateFormatter+PNKPinboard.m in Sources */,
				DA1DA0861E74062500C2EE2C /* PNKGetSuggestedTagsRequest.m in Sources */,
				DA8A0CD11E6C148900802315 /* PNKGetLastUpdateRequest.m in Sources */,
				DAB3E8C01E1D715D008D4A22 /* NSArray+PNKMap.m in Sources */,
				DAC1FEC01E71DCAE00927F95 /* PNKDeletePostRequest.m in Sources */,
				DA1DA0741E734E4400C2EE2C /* PNKGetNotesRequest.m in Sources */,
				DAA333CF1E1ACC9300468A9E /* PNKRequest.m in Sources */,
				DA7B2B681E1AF7ED003CEFD2 /* PNKAuthenticationRequest.m in Sources */,
				DAC7D2CF1E6DFF4A008F3320 /* PNKGetRecentPostsRequest.m in Sources */,
				DA1DA08E1E74194A00C2EE2C /* PNKGetSecretRSSKeyRequest.m in Sources */,
				DAA333C31E1AB13400468A9E /* NSURLSession+PinKit.m in Sources */,
				DA7D897E1E707D5100266250 /* PNKAddPostRequest.m in Sources */,
				DA1DA0801E734F7800C2EE2C /* PNKNote.m in Sources */,
				DAC5E9651EA1658F0019D5DC /* PNKHTTP.m in Sources */,
				DA3E3C151E1A9D0400F69681 /* PNKPinboardClient.m in Sources */,
				DA026B301E1BB9B80085ADA9 /* PNKPinboardBool.m in Sources */,
				DA65906B1E708F6200C97DCF /* NSError+PinKit.m in Sources */,
				DA026B2E1E1BB9B80085ADA9 /* PNKBookmark.m in Sources */,
				DA1DA0781E734E4E00C2EE2C /* PNKGetNoteRequest.m in Sources */,
				DA1DA0701E734CA700C2EE2C /* PNKDeleteTagRequest.m in Sources */,
				DA7B2B6A1E1AF7ED003CEFD2 /* PNKGetAllPostsRequest.m in Sources */,
				DAA333D71E1AE9E100468A9E /* NSURL+PinKit.m in Sources */,
				DA1DA0681E734A1400C2EE2C /* PNKRenameTagRequest.m in Sources */,
				DA1DA0621E7347E200C2EE2C /* PNKGetTagsRequest.m in Sources */,
			);
			runOnlyForDeploymentPostprocessing = 0;
		};
		DAFE722A1EA3E16100BBF1B3 /* Sources */ = {
			isa = PBXSourcesBuildPhase;
			buildActionMask = 2147483647;
			files = (
				DAFE72881EA3EA0C00BBF1B3 /* NSURLSession+PinKit.m in Sources */,
				DAFE72851EA3EA0700BBF1B3 /* PNKHTTP.m in Sources */,
				DAFE72801EA3E9FB00BBF1B3 /* PNKGetNoteRequest.m in Sources */,
				DAFE72891EA3EA0E00BBF1B3 /* NSURL+PinKit.m in Sources */,
				DAFE727D1EA3E9F500BBF1B3 /* PNKDeleteTagRequest.m in Sources */,
				DAFE72731EA3E9E100BBF1B3 /* PNKPinboardClient.m in Sources */,
				DAFE728A1EA3EA1200BBF1B3 /* NSDateFormatter+PNKPinboard.m in Sources */,
				DAFE72871EA3EA0B00BBF1B3 /* NSArray+PNKMap.m in Sources */,
				DAFE72861EA3EA0900BBF1B3 /* NSError+PinKit.m in Sources */,
				DAFE72761EA3E9E700BBF1B3 /* PNKGetLastUpdateRequest.m in Sources */,
				DAFE727F1EA3E9F900BBF1B3 /* PNKGetNotesRequest.m in Sources */,
				DAFE72751EA3E9E500BBF1B3 /* PNKAuthenticationRequest.m in Sources */,
				DAFE72791EA3E9EC00BBF1B3 /* PNKAddPostRequest.m in Sources */,
				DAFE72821EA3EA0100BBF1B3 /* PNKBookmark.m in Sources */,
				DAFE727C1EA3E9F300BBF1B3 /* PNKRenameTagRequest.m in Sources */,
				DAFE727A1EA3E9EE00BBF1B3 /* PNKDeletePostRequest.m in Sources */,
				DAFE72741EA3E9E300BBF1B3 /* PNKRequest.m in Sources */,
				DAFE72771EA3E9E800BBF1B3 /* PNKGetAllPostsRequest.m in Sources */,
				DAFE72811EA3E9FE00BBF1B3 /* PNKGetSecretRSSKeyRequest.m in Sources */,
				DAFE72781EA3E9EA00BBF1B3 /* PNKGetRecentPostsRequest.m in Sources */,
				DAFE72841EA3EA0500BBF1B3 /* PNKPinboardBool.m in Sources */,
				DAFE72831EA3EA0300BBF1B3 /* PNKNote.m in Sources */,
				DAFE727B1EA3E9F100BBF1B3 /* PNKGetTagsRequest.m in Sources */,
				DAFE727E1EA3E9F700BBF1B3 /* PNKGetSuggestedTagsRequest.m in Sources */,
			);
			runOnlyForDeploymentPostprocessing = 0;
		};
		DAFE728B1EA3EA3B00BBF1B3 /* Sources */ = {
			isa = PBXSourcesBuildPhase;
			buildActionMask = 2147483647;
			files = (
				DAFE72A11EA3EBD900BBF1B3 /* PNKGetAllPostsRequestTests.m in Sources */,
				DAFE72A71EA3EBE600BBF1B3 /* PNKGetSecretRSSKeyRequestTests.m in Sources */,
				DAFE72A41EA3EBE000BBF1B3 /* PNKAddPostRequestTests.m in Sources */,
				DAE79BC51F7E48FC0090D736 /* PNKBookmarkTests.m in Sources */,
				DAFE72A21EA3EBDB00BBF1B3 /* PNKGetRecentPostsRequestTests.m in Sources */,
				DAFE72A91EA3EBEA00BBF1B3 /* PNKAuthenticationRequestTests.m in Sources */,
				DAFE72A51EA3EBE200BBF1B3 /* PNKMapTests.m in Sources */,
				DAFE72A31EA3EBDD00BBF1B3 /* PNKDeletePostRequestTests.m in Sources */,
				DAFE729D1EA3EBD100BBF1B3 /* PNKRenameTagRequestTests.m in Sources */,
				DAE79BC91F7E497C0090D736 /* PNKNoteTests.m in Sources */,
				DAFE72A81EA3EBE800BBF1B3 /* PNKGetLastUpdateRequestTests.m in Sources */,
				DAFE729C1EA3EBD000BBF1B3 /* PNKGetNoteRequestTests.m in Sources */,
				DAFE729F1EA3EBD500BBF1B3 /* PNKGetSuggestedTagsRequestTests.m in Sources */,
				DAFE72A61EA3EBE400BBF1B3 /* PNKDateFormatterTests.m in Sources */,
				DAFE72AB1EA3EBEE00BBF1B3 /* PNKRequestTestCase.m in Sources */,
				DAFE729B1EA3EBCE00BBF1B3 /* PNKGetNotesRequestTests.m in Sources */,
				DAFE72AA1EA3EBEC00BBF1B3 /* PNKPinboardClientTests.m in Sources */,
				DAFE729E1EA3EBD300BBF1B3 /* PNKGetTagsRequestTests.m in Sources */,
				DAFE72A01EA3EBD700BBF1B3 /* PNKDeleteTagRequestTests.m in Sources */,
			);
			runOnlyForDeploymentPostprocessing = 0;
		};
/* End PBXSourcesBuildPhase section */

/* Begin PBXTargetDependency section */
		DA8A0CBB1E6C0B3D00802315 /* PBXTargetDependency */ = {
			isa = PBXTargetDependency;
			target = DAB5989F1E1A8773003EA11D /* PinKit-macOS */;
			targetProxy = DA8A0CBA1E6C0B3D00802315 /* PBXContainerItemProxy */;
		};
		DAFE72961EA3EA3B00BBF1B3 /* PBXTargetDependency */ = {
			isa = PBXTargetDependency;
			target = DAFE722E1EA3E16100BBF1B3 /* PinKit-iOS */;
			targetProxy = DAFE72951EA3EA3B00BBF1B3 /* PBXContainerItemProxy */;
		};
/* End PBXTargetDependency section */

/* Begin XCBuildConfiguration section */
		DA8A0CBC1E6C0B3D00802315 /* Debug */ = {
			isa = XCBuildConfiguration;
			buildSettings = {
				CODE_SIGN_STYLE = Manual;
				COMBINE_HIDPI_IMAGES = YES;
				FRAMEWORK_SEARCH_PATHS = (
					"$(inherited)",
					"$(PROJECT_DIR)/Carthage/Build/Mac",
				);
				INFOPLIST_FILE = "PinKitTests/Supporting Files/Info-macOS.plist";
				LD_RUNPATH_SEARCH_PATHS = "$(inherited) @executable_path/../Frameworks @loader_path/../Frameworks";
				PRODUCT_BUNDLE_IDENTIFIER = "info.marcel-dierkes.PinKitTests";
				PRODUCT_NAME = "$(TARGET_NAME)";
				PROVISIONING_PROFILE_SPECIFIER = "";
			};
			name = Debug;
		};
		DA8A0CBD1E6C0B3D00802315 /* Release */ = {
			isa = XCBuildConfiguration;
			buildSettings = {
				CODE_SIGN_STYLE = Manual;
				COMBINE_HIDPI_IMAGES = YES;
				FRAMEWORK_SEARCH_PATHS = (
					"$(inherited)",
					"$(PROJECT_DIR)/Carthage/Build/Mac",
				);
				INFOPLIST_FILE = "PinKitTests/Supporting Files/Info-macOS.plist";
				LD_RUNPATH_SEARCH_PATHS = "$(inherited) @executable_path/../Frameworks @loader_path/../Frameworks";
				PRODUCT_BUNDLE_IDENTIFIER = "info.marcel-dierkes.PinKitTests";
				PRODUCT_NAME = "$(TARGET_NAME)";
				PROVISIONING_PROFILE_SPECIFIER = "";
			};
			name = Release;
		};
		DAB598A61E1A8773003EA11D /* Debug */ = {
			isa = XCBuildConfiguration;
			baseConfigurationReference = DAE8F11F1F631C8E0085B953 /* Config.xcconfig */;
			buildSettings = {
				ALWAYS_SEARCH_USER_PATHS = NO;
				CLANG_ANALYZER_LOCALIZABILITY_NONLOCALIZED = YES;
				CLANG_ANALYZER_NONNULL = YES;
				CLANG_CXX_LANGUAGE_STANDARD = "gnu++0x";
				CLANG_CXX_LIBRARY = "libc++";
				CLANG_ENABLE_MODULES = YES;
				CLANG_ENABLE_OBJC_ARC = YES;
				CLANG_WARN_BLOCK_CAPTURE_AUTORELEASING = YES;
				CLANG_WARN_BOOL_CONVERSION = YES;
				CLANG_WARN_COMMA = YES;
				CLANG_WARN_CONSTANT_CONVERSION = YES;
				CLANG_WARN_DEPRECATED_OBJC_IMPLEMENTATIONS = YES;
				CLANG_WARN_DIRECT_OBJC_ISA_USAGE = YES_ERROR;
				CLANG_WARN_DOCUMENTATION_COMMENTS = YES;
				CLANG_WARN_EMPTY_BODY = YES;
				CLANG_WARN_ENUM_CONVERSION = YES;
				CLANG_WARN_INFINITE_RECURSION = YES;
				CLANG_WARN_INT_CONVERSION = YES;
				CLANG_WARN_NON_LITERAL_NULL_CONVERSION = YES;
				CLANG_WARN_OBJC_IMPLICIT_RETAIN_SELF = YES;
				CLANG_WARN_OBJC_LITERAL_CONVERSION = YES;
				CLANG_WARN_OBJC_ROOT_CLASS = YES_ERROR;
				CLANG_WARN_RANGE_LOOP_ANALYSIS = YES;
				CLANG_WARN_STRICT_PROTOTYPES = YES;
				CLANG_WARN_SUSPICIOUS_MOVE = YES;
				CLANG_WARN_UNREACHABLE_CODE = YES;
				CLANG_WARN__DUPLICATE_METHOD_MATCH = YES;
				CODE_SIGN_IDENTITY = "-";
				COPY_PHASE_STRIP = NO;
				DEBUG_INFORMATION_FORMAT = dwarf;
				ENABLE_STRICT_OBJC_MSGSEND = YES;
				ENABLE_TESTABILITY = YES;
				GCC_C_LANGUAGE_STANDARD = gnu99;
				GCC_DYNAMIC_NO_PIC = NO;
				GCC_NO_COMMON_BLOCKS = YES;
				GCC_OPTIMIZATION_LEVEL = 0;
				GCC_PREPROCESSOR_DEFINITIONS = (
					"DEBUG=1",
					"$(inherited)",
				);
				GCC_WARN_64_TO_32_BIT_CONVERSION = YES;
				GCC_WARN_ABOUT_RETURN_TYPE = YES_ERROR;
				GCC_WARN_UNDECLARED_SELECTOR = YES;
				GCC_WARN_UNINITIALIZED_AUTOS = YES_AGGRESSIVE;
				GCC_WARN_UNUSED_FUNCTION = YES;
				GCC_WARN_UNUSED_VARIABLE = YES;
				MACOSX_DEPLOYMENT_TARGET = 10.12;
				MTL_ENABLE_DEBUG_INFO = YES;
				ONLY_ACTIVE_ARCH = YES;
				SDKROOT = macosx;
				VERSIONING_SYSTEM = "apple-generic";
				VERSION_INFO_PREFIX = "";
			};
			name = Debug;
		};
		DAB598A71E1A8773003EA11D /* Release */ = {
			isa = XCBuildConfiguration;
			baseConfigurationReference = DAE8F11F1F631C8E0085B953 /* Config.xcconfig */;
			buildSettings = {
				ALWAYS_SEARCH_USER_PATHS = NO;
				CLANG_ANALYZER_LOCALIZABILITY_NONLOCALIZED = YES;
				CLANG_ANALYZER_NONNULL = YES;
				CLANG_CXX_LANGUAGE_STANDARD = "gnu++0x";
				CLANG_CXX_LIBRARY = "libc++";
				CLANG_ENABLE_MODULES = YES;
				CLANG_ENABLE_OBJC_ARC = YES;
				CLANG_WARN_BLOCK_CAPTURE_AUTORELEASING = YES;
				CLANG_WARN_BOOL_CONVERSION = YES;
				CLANG_WARN_COMMA = YES;
				CLANG_WARN_CONSTANT_CONVERSION = YES;
				CLANG_WARN_DEPRECATED_OBJC_IMPLEMENTATIONS = YES;
				CLANG_WARN_DIRECT_OBJC_ISA_USAGE = YES_ERROR;
				CLANG_WARN_DOCUMENTATION_COMMENTS = YES;
				CLANG_WARN_EMPTY_BODY = YES;
				CLANG_WARN_ENUM_CONVERSION = YES;
				CLANG_WARN_INFINITE_RECURSION = YES;
				CLANG_WARN_INT_CONVERSION = YES;
				CLANG_WARN_NON_LITERAL_NULL_CONVERSION = YES;
				CLANG_WARN_OBJC_IMPLICIT_RETAIN_SELF = YES;
				CLANG_WARN_OBJC_LITERAL_CONVERSION = YES;
				CLANG_WARN_OBJC_ROOT_CLASS = YES_ERROR;
				CLANG_WARN_RANGE_LOOP_ANALYSIS = YES;
				CLANG_WARN_STRICT_PROTOTYPES = YES;
				CLANG_WARN_SUSPICIOUS_MOVE = YES;
				CLANG_WARN_UNREACHABLE_CODE = YES;
				CLANG_WARN__DUPLICATE_METHOD_MATCH = YES;
				CODE_SIGN_IDENTITY = "-";
				COPY_PHASE_STRIP = NO;
				DEBUG_INFORMATION_FORMAT = "dwarf-with-dsym";
				ENABLE_NS_ASSERTIONS = NO;
				ENABLE_STRICT_OBJC_MSGSEND = YES;
				GCC_C_LANGUAGE_STANDARD = gnu99;
				GCC_NO_COMMON_BLOCKS = YES;
				GCC_WARN_64_TO_32_BIT_CONVERSION = YES;
				GCC_WARN_ABOUT_RETURN_TYPE = YES_ERROR;
				GCC_WARN_UNDECLARED_SELECTOR = YES;
				GCC_WARN_UNINITIALIZED_AUTOS = YES_AGGRESSIVE;
				GCC_WARN_UNUSED_FUNCTION = YES;
				GCC_WARN_UNUSED_VARIABLE = YES;
				MACOSX_DEPLOYMENT_TARGET = 10.12;
				MTL_ENABLE_DEBUG_INFO = NO;
				SDKROOT = macosx;
				VERSIONING_SYSTEM = "apple-generic";
				VERSION_INFO_PREFIX = "";
			};
			name = Release;
		};
		DAB598A91E1A8773003EA11D /* Debug */ = {
			isa = XCBuildConfiguration;
			buildSettings = {
				CODE_SIGN_IDENTITY = "";
				COMBINE_HIDPI_IMAGES = YES;
				DEFINES_MODULE = YES;
				DEVELOPMENT_TEAM = 5KESHV9W85;
				DYLIB_COMPATIBILITY_VERSION = 1;
				DYLIB_CURRENT_VERSION = 1;
				DYLIB_INSTALL_NAME_BASE = "@rpath";
				FRAMEWORK_VERSION = A;
				INFOPLIST_FILE = "PinKit/Supporting Files/Info-macOS.plist";
				INSTALL_PATH = "$(LOCAL_LIBRARY_DIR)/Frameworks";
				LD_RUNPATH_SEARCH_PATHS = "$(inherited) @executable_path/../Frameworks @loader_path/Frameworks";
				PRODUCT_NAME = PinKit;
				SKIP_INSTALL = YES;
			};
			name = Debug;
		};
		DAB598AA1E1A8773003EA11D /* Release */ = {
			isa = XCBuildConfiguration;
			buildSettings = {
				CODE_SIGN_IDENTITY = "";
				COMBINE_HIDPI_IMAGES = YES;
				DEFINES_MODULE = YES;
				DEVELOPMENT_TEAM = 5KESHV9W85;
				DYLIB_COMPATIBILITY_VERSION = 1;
				DYLIB_CURRENT_VERSION = 1;
				DYLIB_INSTALL_NAME_BASE = "@rpath";
				FRAMEWORK_VERSION = A;
				INFOPLIST_FILE = "PinKit/Supporting Files/Info-macOS.plist";
				INSTALL_PATH = "$(LOCAL_LIBRARY_DIR)/Frameworks";
				LD_RUNPATH_SEARCH_PATHS = "$(inherited) @executable_path/../Frameworks @loader_path/Frameworks";
				PRODUCT_NAME = PinKit;
				SKIP_INSTALL = YES;
			};
			name = Release;
		};
		DAFE72341EA3E16200BBF1B3 /* Debug */ = {
			isa = XCBuildConfiguration;
			buildSettings = {
				CLANG_ANALYZER_NUMBER_OBJECT_CONVERSION = YES_AGGRESSIVE;
				CODE_SIGN_IDENTITY = "";
				"CODE_SIGN_IDENTITY[sdk=iphoneos*]" = "";
				DEFINES_MODULE = YES;
				DEVELOPMENT_TEAM = 5KESHV9W85;
				DYLIB_COMPATIBILITY_VERSION = 1;
				DYLIB_CURRENT_VERSION = 1;
				DYLIB_INSTALL_NAME_BASE = "@rpath";
				INFOPLIST_FILE = "PinKit/Supporting Files/Info-iOS.plist";
				INSTALL_PATH = "$(LOCAL_LIBRARY_DIR)/Frameworks";
				IPHONEOS_DEPLOYMENT_TARGET = 10.3;
				LD_RUNPATH_SEARCH_PATHS = "$(inherited) @executable_path/Frameworks @loader_path/Frameworks";
				PRODUCT_NAME = PinKit;
				SDKROOT = iphoneos;
				SKIP_INSTALL = YES;
				TARGETED_DEVICE_FAMILY = "1,2";
			};
			name = Debug;
		};
		DAFE72351EA3E16200BBF1B3 /* Release */ = {
			isa = XCBuildConfiguration;
			buildSettings = {
				CLANG_ANALYZER_NUMBER_OBJECT_CONVERSION = YES_AGGRESSIVE;
				CODE_SIGN_IDENTITY = "";
				"CODE_SIGN_IDENTITY[sdk=iphoneos*]" = "";
				DEFINES_MODULE = YES;
				DEVELOPMENT_TEAM = 5KESHV9W85;
				DYLIB_COMPATIBILITY_VERSION = 1;
				DYLIB_CURRENT_VERSION = 1;
				DYLIB_INSTALL_NAME_BASE = "@rpath";
				INFOPLIST_FILE = "PinKit/Supporting Files/Info-iOS.plist";
				INSTALL_PATH = "$(LOCAL_LIBRARY_DIR)/Frameworks";
				IPHONEOS_DEPLOYMENT_TARGET = 10.3;
				LD_RUNPATH_SEARCH_PATHS = "$(inherited) @executable_path/Frameworks @loader_path/Frameworks";
				PRODUCT_NAME = PinKit;
				SDKROOT = iphoneos;
				SKIP_INSTALL = YES;
				TARGETED_DEVICE_FAMILY = "1,2";
				VALIDATE_PRODUCT = YES;
			};
			name = Release;
		};
		DAFE72971EA3EA3B00BBF1B3 /* Debug */ = {
			isa = XCBuildConfiguration;
			buildSettings = {
				CLANG_ANALYZER_NUMBER_OBJECT_CONVERSION = YES_AGGRESSIVE;
				"CODE_SIGN_IDENTITY[sdk=iphoneos*]" = "iPhone Developer";
				DEVELOPMENT_TEAM = 5KESHV9W85;
				FRAMEWORK_SEARCH_PATHS = (
					"$(inherited)",
					"$(PROJECT_DIR)/Carthage/Build/iOS",
				);
				INFOPLIST_FILE = "PinKitTests/Supporting Files/Info-iOS.plist";
				IPHONEOS_DEPLOYMENT_TARGET = 10.3;
				LD_RUNPATH_SEARCH_PATHS = "$(inherited) @executable_path/Frameworks @loader_path/Frameworks";
				PRODUCT_BUNDLE_IDENTIFIER = "info.marcel-dierkes.PinKitTests-iOS";
				PRODUCT_NAME = "$(TARGET_NAME)";
				SDKROOT = iphoneos;
			};
			name = Debug;
		};
		DAFE72981EA3EA3B00BBF1B3 /* Release */ = {
			isa = XCBuildConfiguration;
			buildSettings = {
				CLANG_ANALYZER_NUMBER_OBJECT_CONVERSION = YES_AGGRESSIVE;
				"CODE_SIGN_IDENTITY[sdk=iphoneos*]" = "iPhone Developer";
				DEVELOPMENT_TEAM = 5KESHV9W85;
				FRAMEWORK_SEARCH_PATHS = (
					"$(inherited)",
					"$(PROJECT_DIR)/Carthage/Build/iOS",
				);
				INFOPLIST_FILE = "PinKitTests/Supporting Files/Info-iOS.plist";
				IPHONEOS_DEPLOYMENT_TARGET = 10.3;
				LD_RUNPATH_SEARCH_PATHS = "$(inherited) @executable_path/Frameworks @loader_path/Frameworks";
				PRODUCT_BUNDLE_IDENTIFIER = "info.marcel-dierkes.PinKitTests-iOS";
				PRODUCT_NAME = "$(TARGET_NAME)";
				SDKROOT = iphoneos;
				VALIDATE_PRODUCT = YES;
			};
			name = Release;
		};
/* End XCBuildConfiguration section */

/* Begin XCConfigurationList section */
		DA8A0CBE1E6C0B3D00802315 /* Build configuration list for PBXNativeTarget "PinKitTests-macOS" */ = {
			isa = XCConfigurationList;
			buildConfigurations = (
				DA8A0CBC1E6C0B3D00802315 /* Debug */,
				DA8A0CBD1E6C0B3D00802315 /* Release */,
			);
			defaultConfigurationIsVisible = 0;
			defaultConfigurationName = Release;
		};
		DAB5989A1E1A8773003EA11D /* Build configuration list for PBXProject "PinKit" */ = {
			isa = XCConfigurationList;
			buildConfigurations = (
				DAB598A61E1A8773003EA11D /* Debug */,
				DAB598A71E1A8773003EA11D /* Release */,
			);
			defaultConfigurationIsVisible = 0;
			defaultConfigurationName = Release;
		};
		DAB598A81E1A8773003EA11D /* Build configuration list for PBXNativeTarget "PinKit-macOS" */ = {
			isa = XCConfigurationList;
			buildConfigurations = (
				DAB598A91E1A8773003EA11D /* Debug */,
				DAB598AA1E1A8773003EA11D /* Release */,
			);
			defaultConfigurationIsVisible = 0;
			defaultConfigurationName = Release;
		};
		DAFE72361EA3E16200BBF1B3 /* Build configuration list for PBXNativeTarget "PinKit-iOS" */ = {
			isa = XCConfigurationList;
			buildConfigurations = (
				DAFE72341EA3E16200BBF1B3 /* Debug */,
				DAFE72351EA3E16200BBF1B3 /* Release */,
			);
			defaultConfigurationIsVisible = 0;
			defaultConfigurationName = Release;
		};
		DAFE72991EA3EA3B00BBF1B3 /* Build configuration list for PBXNativeTarget "PinKitTests-iOS" */ = {
			isa = XCConfigurationList;
			buildConfigurations = (
				DAFE72971EA3EA3B00BBF1B3 /* Debug */,
				DAFE72981EA3EA3B00BBF1B3 /* Release */,
			);
			defaultConfigurationIsVisible = 0;
			defaultConfigurationName = Release;
		};
/* End XCConfigurationList section */
	};
	rootObject = DAB598971E1A8773003EA11D /* Project object */;
}
